// !$*UTF8*$!
{
	archiveVersion = 1;
	classes = {
	};
	objectVersion = 50;
	objects = {

/* Begin PBXBuildFile section */
		C130685322C87A6B005A8D9F /* AppDelegate.swift in Sources */ = {isa = PBXBuildFile; fileRef = C130685222C87A6B005A8D9F /* AppDelegate.swift */; };
		C130685522C87A6B005A8D9F /* ViewController.swift in Sources */ = {isa = PBXBuildFile; fileRef = C130685422C87A6B005A8D9F /* ViewController.swift */; };
		C130685822C87A6B005A8D9F /* Main.storyboard in Resources */ = {isa = PBXBuildFile; fileRef = C130685622C87A6B005A8D9F /* Main.storyboard */; };
		C130685A22C87A6C005A8D9F /* Assets.xcassets in Resources */ = {isa = PBXBuildFile; fileRef = C130685922C87A6C005A8D9F /* Assets.xcassets */; };
		C130685D22C87A6C005A8D9F /* LaunchScreen.storyboard in Resources */ = {isa = PBXBuildFile; fileRef = C130685B22C87A6C005A8D9F /* LaunchScreen.storyboard */; };
		C130686922C87C47005A8D9F /* Data.swift in Sources */ = {isa = PBXBuildFile; fileRef = C130686822C87C47005A8D9F /* Data.swift */; };
		C130686B22C87C52005A8D9F /* BaseView.swift in Sources */ = {isa = PBXBuildFile; fileRef = C130686A22C87C52005A8D9F /* BaseView.swift */; };
		C130686D22C87C5C005A8D9F /* Post.swift in Sources */ = {isa = PBXBuildFile; fileRef = C130686C22C87C5C005A8D9F /* Post.swift */; };
		C130686F22C886B9005A8D9F /* BaseView.xib in Resources */ = {isa = PBXBuildFile; fileRef = C130686E22C886B9005A8D9F /* BaseView.xib */; };
/* End PBXBuildFile section */

/* Begin PBXFileReference section */
		C130684F22C87A6B005A8D9F /* KaKaoAPITranslatedTest.app */ = {isa = PBXFileReference; explicitFileType = wrapper.application; includeInIndex = 0; path = KaKaoAPITranslatedTest.app; sourceTree = BUILT_PRODUCTS_DIR; };
		C130685222C87A6B005A8D9F /* AppDelegate.swift */ = {isa = PBXFileReference; lastKnownFileType = sourcecode.swift; path = AppDelegate.swift; sourceTree = "<group>"; };
		C130685422C87A6B005A8D9F /* ViewController.swift */ = {isa = PBXFileReference; lastKnownFileType = sourcecode.swift; path = ViewController.swift; sourceTree = "<group>"; };
		C130685722C87A6B005A8D9F /* Base */ = {isa = PBXFileReference; lastKnownFileType = file.storyboard; name = Base; path = Base.lproj/Main.storyboard; sourceTree = "<group>"; };
		C130685922C87A6C005A8D9F /* Assets.xcassets */ = {isa = PBXFileReference; lastKnownFileType = folder.assetcatalog; path = Assets.xcassets; sourceTree = "<group>"; };
		C130685C22C87A6C005A8D9F /* Base */ = {isa = PBXFileReference; lastKnownFileType = file.storyboard; name = Base; path = Base.lproj/LaunchScreen.storyboard; sourceTree = "<group>"; };
		C130685E22C87A6C005A8D9F /* Info.plist */ = {isa = PBXFileReference; lastKnownFileType = text.plist.xml; path = Info.plist; sourceTree = "<group>"; };
		C130686822C87C47005A8D9F /* Data.swift */ = {isa = PBXFileReference; lastKnownFileType = sourcecode.swift; path = Data.swift; sourceTree = "<group>"; };
		C130686A22C87C52005A8D9F /* BaseView.swift */ = {isa = PBXFileReference; lastKnownFileType = sourcecode.swift; path = BaseView.swift; sourceTree = "<group>"; };
		C130686C22C87C5C005A8D9F /* Post.swift */ = {isa = PBXFileReference; lastKnownFileType = sourcecode.swift; path = Post.swift; sourceTree = "<group>"; };
		C130686E22C886B9005A8D9F /* BaseView.xib */ = {isa = PBXFileReference; lastKnownFileType = file.xib; path = BaseView.xib; sourceTree = "<group>"; };
/* End PBXFileReference section */

/* Begin PBXFrameworksBuildPhase section */
		C130684C22C87A6B005A8D9F /* Frameworks */ = {
			isa = PBXFrameworksBuildPhase;
			buildActionMask = 2147483647;
			files = (
			);
			runOnlyForDeploymentPostprocessing = 0;
		};
/* End PBXFrameworksBuildPhase section */

/* Begin PBXGroup section */
		C130684622C87A6B005A8D9F = {
			isa = PBXGroup;
			children = (
				C130685122C87A6B005A8D9F /* KaKaoAPITranslatedTest */,
				C130685022C87A6B005A8D9F /* Products */,
			);
			sourceTree = "<group>";
		};
		C130685022C87A6B005A8D9F /* Products */ = {
			isa = PBXGroup;
			children = (
				C130684F22C87A6B005A8D9F /* KaKaoAPITranslatedTest.app */,
			);
			name = Products;
			sourceTree = "<group>";
		};
		C130685122C87A6B005A8D9F /* KaKaoAPITranslatedTest */ = {
			isa = PBXGroup;
			children = (
				C130686622C87C35005A8D9F /* Data */,
				C130686722C87C3D005A8D9F /* View */,
				C130686522C87C21005A8D9F /* Controller */,
				C130686422C87C0E005A8D9F /* Networking */,
				C130685222C87A6B005A8D9F /* AppDelegate.swift */,
				C130685622C87A6B005A8D9F /* Main.storyboard */,
				C130685922C87A6C005A8D9F /* Assets.xcassets */,
				C130685B22C87A6C005A8D9F /* LaunchScreen.storyboard */,
				C130685E22C87A6C005A8D9F /* Info.plist */,
			);
			path = KaKaoAPITranslatedTest;
			sourceTree = "<group>";
		};
		C130686422C87C0E005A8D9F /* Networking */ = {
			isa = PBXGroup;
			children = (
				C130686C22C87C5C005A8D9F /* Post.swift */,
			);
			path = Networking;
			sourceTree = "<group>";
		};
		C130686522C87C21005A8D9F /* Controller */ = {
			isa = PBXGroup;
			children = (
				C130685422C87A6B005A8D9F /* ViewController.swift */,
			);
			path = Controller;
			sourceTree = "<group>";
		};
		C130686622C87C35005A8D9F /* Data */ = {
			isa = PBXGroup;
			children = (
				C130686822C87C47005A8D9F /* Data.swift */,
			);
			path = Data;
			sourceTree = "<group>";
		};
		C130686722C87C3D005A8D9F /* View */ = {
			isa = PBXGroup;
			children = (
				C130686A22C87C52005A8D9F /* BaseView.swift */,
				C130686E22C886B9005A8D9F /* BaseView.xib */,
			);
			path = View;
			sourceTree = "<group>";
		};
/* End PBXGroup section */

/* Begin PBXNativeTarget section */
		C130684E22C87A6B005A8D9F /* KaKaoAPITranslatedTest */ = {
			isa = PBXNativeTarget;
			buildConfigurationList = C130686122C87A6C005A8D9F /* Build configuration list for PBXNativeTarget "KaKaoAPITranslatedTest" */;
			buildPhases = (
				C130684B22C87A6B005A8D9F /* Sources */,
				C130684C22C87A6B005A8D9F /* Frameworks */,
				C130684D22C87A6B005A8D9F /* Resources */,
			);
			buildRules = (
			);
			dependencies = (
			);
			name = KaKaoAPITranslatedTest;
			productName = KaKaoAPITranslatedTest;
			productReference = C130684F22C87A6B005A8D9F /* KaKaoAPITranslatedTest.app */;
			productType = "com.apple.product-type.application";
		};
/* End PBXNativeTarget section */

/* Begin PBXProject section */
		C130684722C87A6B005A8D9F /* Project object */ = {
			isa = PBXProject;
			attributes = {
				LastSwiftUpdateCheck = 1020;
				LastUpgradeCheck = 1020;
				ORGANIZATIONNAME = "Jeon-heaji";
				TargetAttributes = {
					C130684E22C87A6B005A8D9F = {
						CreatedOnToolsVersion = 10.2.1;
					};
				};
			};
			buildConfigurationList = C130684A22C87A6B005A8D9F /* Build configuration list for PBXProject "KaKaoAPITranslatedTest" */;
			compatibilityVersion = "Xcode 9.3";
			developmentRegion = en;
			hasScannedForEncodings = 0;
			knownRegions = (
				en,
				Base,
			);
			mainGroup = C130684622C87A6B005A8D9F;
			productRefGroup = C130685022C87A6B005A8D9F /* Products */;
			projectDirPath = "";
			projectRoot = "";
			targets = (
				C130684E22C87A6B005A8D9F /* KaKaoAPITranslatedTest */,
			);
		};
/* End PBXProject section */

/* Begin PBXResourcesBuildPhase section */
		C130684D22C87A6B005A8D9F /* Resources */ = {
			isa = PBXResourcesBuildPhase;
			buildActionMask = 2147483647;
			files = (
				C130685D22C87A6C005A8D9F /* LaunchScreen.storyboard in Resources */,
				C130685A22C87A6C005A8D9F /* Assets.xcassets in Resources */,
				C130685822C87A6B005A8D9F /* Main.storyboard in Resources */,
				C130686F22C886B9005A8D9F /* BaseView.xib in Resources */,
			);
			runOnlyForDeploymentPostprocessing = 0;
		};
/* End PBXResourcesBuildPhase section */

/* Begin PBXSourcesBuildPhase section */
		C130684B22C87A6B005A8D9F /* Sources */ = {
			isa = PBXSourcesBuildPhase;
			buildActionMask = 2147483647;
			files = (
				C130685522C87A6B005A8D9F /* ViewController.swift in Sources */,
				C130686922C87C47005A8D9F /* Data.swift in Sources */,
				C130685322C87A6B005A8D9F /* AppDelegate.swift in Sources */,
				C130686B22C87C52005A8D9F /* BaseView.swift in Sources */,
				C130686D22C87C5C005A8D9F /* Post.swift in Sources */,
			);
			runOnlyForDeploymentPostprocessing = 0;
		};
/* End PBXSourcesBuildPhase section */

/* Begin PBXVariantGroup section */
		C130685622C87A6B005A8D9F /* Main.storyboard */ = {
			isa = PBXVariantGroup;
			children = (
				C130685722C87A6B005A8D9F /* Base */,
			);
			name = Main.storyboard;
			sourceTree = "<group>";
		};
		C130685B22C87A6C005A8D9F /* LaunchScreen.storyboard */ = {
			isa = PBXVariantGroup;
			children = (
				C130685C22C87A6C005A8D9F /* Base */,
			);
			name = LaunchScreen.storyboard;
			sourceTree = "<group>";
		};
/* End PBXVariantGroup section */

/* Begin XCBuildConfiguration section */
		C130685F22C87A6C005A8D9F /* Debug */ = {
			isa = XCBuildConfiguration;
			buildSettings = {
				ALWAYS_SEARCH_USER_PATHS = NO;
				CLANG_ANALYZER_NONNULL = YES;
				CLANG_ANALYZER_NUMBER_OBJECT_CONVERSION = YES_AGGRESSIVE;
				CLANG_CXX_LANGUAGE_STANDARD = "gnu++14";
				CLANG_CXX_LIBRARY = "libc++";
				CLANG_ENABLE_MODULES = YES;
				CLANG_ENABLE_OBJC_ARC = YES;
				CLANG_ENABLE_OBJC_WEAK = YES;
				CLANG_WARN_BLOCK_CAPTURE_AUTORELEASING = YES;
				CLANG_WARN_BOOL_CONVERSION = YES;
				CLANG_WARN_COMMA = YES;
				CLANG_WARN_CONSTANT_CONVERSION = YES;
				CLANG_WARN_DEPRECATED_OBJC_IMPLEMENTATIONS = YES;
				CLANG_WARN_DIRECT_OBJC_ISA_USAGE = YES_ERROR;
				CLANG_WARN_DOCUMENTATION_COMMENTS = YES;
				CLANG_WARN_EMPTY_BODY = YES;
				CLANG_WARN_ENUM_CONVERSION = YES;
				CLANG_WARN_INFINITE_RECURSION = YES;
				CLANG_WARN_INT_CONVERSION = YES;
				CLANG_WARN_NON_LITERAL_NULL_CONVERSION = YES;
				CLANG_WARN_OBJC_IMPLICIT_RETAIN_SELF = YES;
				CLANG_WARN_OBJC_LITERAL_CONVERSION = YES;
				CLANG_WARN_OBJC_ROOT_CLASS = YES_ERROR;
				CLANG_WARN_RANGE_LOOP_ANALYSIS = YES;
				CLANG_WARN_STRICT_PROTOTYPES = YES;
				CLANG_WARN_SUSPICIOUS_MOVE = YES;
				CLANG_WARN_UNGUARDED_AVAILABILITY = YES_AGGRESSIVE;
				CLANG_WARN_UNREACHABLE_CODE = YES;
				CLANG_WARN__DUPLICATE_METHOD_MATCH = YES;
				CODE_SIGN_IDENTITY = "iPhone Developer";
				COPY_PHASE_STRIP = NO;
				DEBUG_INFORMATION_FORMAT = dwarf;
				ENABLE_STRICT_OBJC_MSGSEND = YES;
				ENABLE_TESTABILITY = YES;
				GCC_C_LANGUAGE_STANDARD = gnu11;
				GCC_DYNAMIC_NO_PIC = NO;
				GCC_NO_COMMON_BLOCKS = YES;
				GCC_OPTIMIZATION_LEVEL = 0;
				GCC_PREPROCESSOR_DEFINITIONS = (
					"DEBUG=1",
					"$(inherited)",
				);
				GCC_WARN_64_TO_32_BIT_CONVERSION = YES;
				GCC_WARN_ABOUT_RETURN_TYPE = YES_ERROR;
				GCC_WARN_UNDECLARED_SELECTOR = YES;
				GCC_WARN_UNINITIALIZED_AUTOS = YES_AGGRESSIVE;
				GCC_WARN_UNUSED_FUNCTION = YES;
				GCC_WARN_UNUSED_VARIABLE = YES;
				IPHONEOS_DEPLOYMENT_TARGET = 12.2;
				MTL_ENABLE_DEBUG_INFO = INCLUDE_SOURCE;
				MTL_FAST_MATH = YES;
				ONLY_ACTIVE_ARCH = YES;
				SDKROOT = iphoneos;
				SWIFT_ACTIVE_COMPILATION_CONDITIONS = DEBUG;
				SWIFT_OPTIMIZATION_LEVEL = "-Onone";
			};
			name = Debug;
		};
		C130686022C87A6C005A8D9F /* Release */ = {
			isa = XCBuildConfiguration;
			buildSettings = {
				ALWAYS_SEARCH_USER_PATHS = NO;
				CLANG_ANALYZER_NONNULL = YES;
				CLANG_ANALYZER_NUMBER_OBJECT_CONVERSION = YES_AGGRESSIVE;
				CLANG_CXX_LANGUAGE_STANDARD = "gnu++14";
				CLANG_CXX_LIBRARY = "libc++";
				CLANG_ENABLE_MODULES = YES;
				CLANG_ENABLE_OBJC_ARC = YES;
				CLANG_ENABLE_OBJC_WEAK = YES;
				CLANG_WARN_BLOCK_CAPTURE_AUTORELEASING = YES;
				CLANG_WARN_BOOL_CONVERSION = YES;
				CLANG_WARN_COMMA = YES;
				CLANG_WARN_CONSTANT_CONVERSION = YES;
				CLANG_WARN_DEPRECATED_OBJC_IMPLEMENTATIONS = YES;
				CLANG_WARN_DIRECT_OBJC_ISA_USAGE = YES_ERROR;
				CLANG_WARN_DOCUMENTATION_COMMENTS = YES;
				CLANG_WARN_EMPTY_BODY = YES;
				CLANG_WARN_ENUM_CONVERSION = YES;
				CLANG_WARN_INFINITE_RECURSION = YES;
				CLANG_WARN_INT_CONVERSION = YES;
				CLANG_WARN_NON_LITERAL_NULL_CONVERSION = YES;
				CLANG_WARN_OBJC_IMPLICIT_RETAIN_SELF = YES;
				CLANG_WARN_OBJC_LITERAL_CONVERSION = YES;
				CLANG_WARN_OBJC_ROOT_CLASS = YES_ERROR;
				CLANG_WARN_RANGE_LOOP_ANALYSIS = YES;
				CLANG_WARN_STRICT_PROTOTYPES = YES;
				CLANG_WARN_SUSPICIOUS_MOVE = YES;
				CLANG_WARN_UNGUARDED_AVAILABILITY = YES_AGGRESSIVE;
				CLANG_WARN_UNREACHABLE_CODE = YES;
				CLANG_WARN__DUPLICATE_METHOD_MATCH = YES;
				CODE_SIGN_IDENTITY = "iPhone Developer";
				COPY_PHASE_STRIP = NO;
				DEBUG_INFORMATION_FORMAT = "dwarf-with-dsym";
				ENABLE_NS_ASSERTIONS = NO;
				ENABLE_STRICT_OBJC_MSGSEND = YES;
				GCC_C_LANGUAGE_STANDARD = gnu11;
				GCC_NO_COMMON_BLOCKS = YES;
				GCC_WARN_64_TO_32_BIT_CONVERSION = YES;
				GCC_WARN_ABOUT_RETURN_TYPE = YES_ERROR;
				GCC_WARN_UNDECLARED_SELECTOR = YES;
				GCC_WARN_UNINITIALIZED_AUTOS = YES_AGGRESSIVE;
				GCC_WARN_UNUSED_FUNCTION = YES;
				GCC_WARN_UNUSED_VARIABLE = YES;
				IPHONEOS_DEPLOYMENT_TARGET = 12.2;
				MTL_ENABLE_DEBUG_INFO = NO;
				MTL_FAST_MATH = YES;
				SDKROOT = iphoneos;
				SWIFT_COMPILATION_MODE = wholemodule;
				SWIFT_OPTIMIZATION_LEVEL = "-O";
				VALIDATE_PRODUCT = YES;
			};
			name = Release;
		};
		C130686222C87A6C005A8D9F /* Debug */ = {
			isa = XCBuildConfiguration;
			buildSettings = {
				ASSETCATALOG_COMPILER_APPICON_NAME = AppIcon;
				CODE_SIGN_STYLE = Automatic;
				DEVELOPMENT_TEAM = KNHX5B578D;
				INFOPLIST_FILE = KaKaoAPITranslatedTest/Info.plist;
				LD_RUNPATH_SEARCH_PATHS = (
					"$(inherited)",
					"@executable_path/Frameworks",
				);
				PRODUCT_BUNDLE_IDENTIFIER = com.your.KaKaoAPITranslatedTest;
				PRODUCT_NAME = "$(TARGET_NAME)";
				SWIFT_VERSION = 5.0;
				TARGETED_DEVICE_FAMILY = "1,2";
			};
			name = Debug;
		};
		C130686322C87A6C005A8D9F /* Release */ = {
			isa = XCBuildConfiguration;
			buildSettings = {
				ASSETCATALOG_COMPILER_APPICON_NAME = AppIcon;
				CODE_SIGN_STYLE = Automatic;
				DEVELOPMENT_TEAM = KNHX5B578D;
				INFOPLIST_FILE = KaKaoAPITranslatedTest/Info.plist;
				LD_RUNPATH_SEARCH_PATHS = (
					"$(inherited)",
					"@executable_path/Frameworks",
				);
				PRODUCT_BUNDLE_IDENTIFIER = com.your.KaKaoAPITranslatedTest;
				PRODUCT_NAME = "$(TARGET_NAME)";
				SWIFT_VERSION = 5.0;
				TARGETED_DEVICE_FAMILY = "1,2";
			};
			name = Release;
		};
/* End XCBuildConfiguration section */

/* Begin XCConfigurationList section */
		C130684A22C87A6B005A8D9F /* Build configuration list for PBXProject "KaKaoAPITranslatedTest" */ = {
			isa = XCConfigurationList;
			buildConfigurations = (
				C130685F22C87A6C005A8D9F /* Debug */,
				C130686022C87A6C005A8D9F /* Release */,
			);
			defaultConfigurationIsVisible = 0;
			defaultConfigurationName = Release;
		};
		C130686122C87A6C005A8D9F /* Build configuration list for PBXNativeTarget "KaKaoAPITranslatedTest" */ = {
			isa = XCConfigurationList;
			buildConfigurations = (
				C130686222C87A6C005A8D9F /* Debug */,
				C130686322C87A6C005A8D9F /* Release */,
			);
			defaultConfigurationIsVisible = 0;
			defaultConfigurationName = Release;
		};
/* End XCConfigurationList section */
	};
	rootObject = C130684722C87A6B005A8D9F /* Project object */;
}
