// !$*UTF8*$!
{
	archiveVersion = 1;
	classes = {
	};
	objectVersion = 51;
	objects = {

/* Begin PBXBuildFile section */
		99DDCA4CE3EDD9EEC41CBB15 /* Pods_SnapKitPractice.framework in Frameworks */ = {isa = PBXBuildFile; fileRef = CFB9C27159A79EE73EA7FEF6 /* Pods_SnapKitPractice.framework */; };
		C130378C22D30F2A00767B03 /* AppDelegate.swift in Sources */ = {isa = PBXBuildFile; fileRef = C130378B22D30F2A00767B03 /* AppDelegate.swift */; };
		C130378E22D30F2A00767B03 /* ViewController.swift in Sources */ = {isa = PBXBuildFile; fileRef = C130378D22D30F2A00767B03 /* ViewController.swift */; };
		C130379122D30F2A00767B03 /* Main.storyboard in Resources */ = {isa = PBXBuildFile; fileRef = C130378F22D30F2A00767B03 /* Main.storyboard */; };
		C130379322D30F2B00767B03 /* Assets.xcassets in Resources */ = {isa = PBXBuildFile; fileRef = C130379222D30F2B00767B03 /* Assets.xcassets */; };
		C130379622D30F2B00767B03 /* LaunchScreen.storyboard in Resources */ = {isa = PBXBuildFile; fileRef = C130379422D30F2B00767B03 /* LaunchScreen.storyboard */; };
/* End PBXBuildFile section */

/* Begin PBXFileReference section */
		240B2FF05F7AB6A6D8A9A876 /* Pods-SnapKitPractice.debug.xcconfig */ = {isa = PBXFileReference; includeInIndex = 1; lastKnownFileType = text.xcconfig; name = "Pods-SnapKitPractice.debug.xcconfig"; path = "Target Support Files/Pods-SnapKitPractice/Pods-SnapKitPractice.debug.xcconfig"; sourceTree = "<group>"; };
		AADF456B2D462838A5853363 /* Pods-SnapKitPractice.release.xcconfig */ = {isa = PBXFileReference; includeInIndex = 1; lastKnownFileType = text.xcconfig; name = "Pods-SnapKitPractice.release.xcconfig"; path = "Target Support Files/Pods-SnapKitPractice/Pods-SnapKitPractice.release.xcconfig"; sourceTree = "<group>"; };
		C130378822D30F2A00767B03 /* SnapKitPractice.app */ = {isa = PBXFileReference; explicitFileType = wrapper.application; includeInIndex = 0; path = SnapKitPractice.app; sourceTree = BUILT_PRODUCTS_DIR; };
		C130378B22D30F2A00767B03 /* AppDelegate.swift */ = {isa = PBXFileReference; lastKnownFileType = sourcecode.swift; path = AppDelegate.swift; sourceTree = "<group>"; };
		C130378D22D30F2A00767B03 /* ViewController.swift */ = {isa = PBXFileReference; lastKnownFileType = sourcecode.swift; path = ViewController.swift; sourceTree = "<group>"; };
		C130379022D30F2A00767B03 /* Base */ = {isa = PBXFileReference; lastKnownFileType = file.storyboard; name = Base; path = Base.lproj/Main.storyboard; sourceTree = "<group>"; };
		C130379222D30F2B00767B03 /* Assets.xcassets */ = {isa = PBXFileReference; lastKnownFileType = folder.assetcatalog; path = Assets.xcassets; sourceTree = "<group>"; };
		C130379522D30F2B00767B03 /* Base */ = {isa = PBXFileReference; lastKnownFileType = file.storyboard; name = Base; path = Base.lproj/LaunchScreen.storyboard; sourceTree = "<group>"; };
		C130379722D30F2B00767B03 /* Info.plist */ = {isa = PBXFileReference; lastKnownFileType = text.plist.xml; path = Info.plist; sourceTree = "<group>"; };
		CFB9C27159A79EE73EA7FEF6 /* Pods_SnapKitPractice.framework */ = {isa = PBXFileReference; explicitFileType = wrapper.framework; includeInIndex = 0; path = Pods_SnapKitPractice.framework; sourceTree = BUILT_PRODUCTS_DIR; };
/* End PBXFileReference section */

/* Begin PBXFrameworksBuildPhase section */
		C130378522D30F2A00767B03 /* Frameworks */ = {
			isa = PBXFrameworksBuildPhase;
			buildActionMask = 2147483647;
			files = (
				99DDCA4CE3EDD9EEC41CBB15 /* Pods_SnapKitPractice.framework in Frameworks */,
			);
			runOnlyForDeploymentPostprocessing = 0;
		};
/* End PBXFrameworksBuildPhase section */

/* Begin PBXGroup section */
		7B1034B8B8477A5F9E76B324 /* Frameworks */ = {
			isa = PBXGroup;
			children = (
				CFB9C27159A79EE73EA7FEF6 /* Pods_SnapKitPractice.framework */,
			);
			name = Frameworks;
			sourceTree = "<group>";
		};
		C130377F22D30F2A00767B03 = {
			isa = PBXGroup;
			children = (
				C130378A22D30F2A00767B03 /* SnapKitPractice */,
				C130378922D30F2A00767B03 /* Products */,
				DC235C1A56FB7A566254DB70 /* Pods */,
				7B1034B8B8477A5F9E76B324 /* Frameworks */,
			);
			sourceTree = "<group>";
		};
		C130378922D30F2A00767B03 /* Products */ = {
			isa = PBXGroup;
			children = (
				C130378822D30F2A00767B03 /* SnapKitPractice.app */,
			);
			name = Products;
			sourceTree = "<group>";
		};
		C130378A22D30F2A00767B03 /* SnapKitPractice */ = {
			isa = PBXGroup;
			children = (
				C130378B22D30F2A00767B03 /* AppDelegate.swift */,
				C130378D22D30F2A00767B03 /* ViewController.swift */,
				C130378F22D30F2A00767B03 /* Main.storyboard */,
				C130379222D30F2B00767B03 /* Assets.xcassets */,
				C130379422D30F2B00767B03 /* LaunchScreen.storyboard */,
				C130379722D30F2B00767B03 /* Info.plist */,
			);
			path = SnapKitPractice;
			sourceTree = "<group>";
		};
		DC235C1A56FB7A566254DB70 /* Pods */ = {
			isa = PBXGroup;
			children = (
				240B2FF05F7AB6A6D8A9A876 /* Pods-SnapKitPractice.debug.xcconfig */,
				AADF456B2D462838A5853363 /* Pods-SnapKitPractice.release.xcconfig */,
			);
			path = Pods;
			sourceTree = "<group>";
		};
/* End PBXGroup section */

/* Begin PBXNativeTarget section */
		C130378722D30F2A00767B03 /* SnapKitPractice */ = {
			isa = PBXNativeTarget;
			buildConfigurationList = C130379A22D30F2B00767B03 /* Build configuration list for PBXNativeTarget "SnapKitPractice" */;
			buildPhases = (
				ED0ACC36E10060974D2965BB /* [CP] Check Pods Manifest.lock */,
				C130378422D30F2A00767B03 /* Sources */,
				C130378522D30F2A00767B03 /* Frameworks */,
				C130378622D30F2A00767B03 /* Resources */,
				5723AC1E3D56D1AF49476BE5 /* [CP] Embed Pods Frameworks */,
			);
			buildRules = (
			);
			dependencies = (
			);
			name = SnapKitPractice;
			productName = SnapKitPractice;
			productReference = C130378822D30F2A00767B03 /* SnapKitPractice.app */;
			productType = "com.apple.product-type.application";
		};
/* End PBXNativeTarget section */

/* Begin PBXProject section */
		C130378022D30F2A00767B03 /* Project object */ = {
			isa = PBXProject;
			attributes = {
				LastSwiftUpdateCheck = 1020;
				LastUpgradeCheck = 1020;
				ORGANIZATIONNAME = "Jeon-heaji";
				TargetAttributes = {
					C130378722D30F2A00767B03 = {
						CreatedOnToolsVersion = 10.2.1;
					};
				};
			};
			buildConfigurationList = C130378322D30F2A00767B03 /* Build configuration list for PBXProject "SnapKitPractice" */;
			compatibilityVersion = "Xcode 9.3";
			developmentRegion = en;
			hasScannedForEncodings = 0;
			knownRegions = (
				en,
				Base,
			);
			mainGroup = C130377F22D30F2A00767B03;
			productRefGroup = C130378922D30F2A00767B03 /* Products */;
			projectDirPath = "";
			projectRoot = "";
			targets = (
				C130378722D30F2A00767B03 /* SnapKitPractice */,
			);
		};
/* End PBXProject section */

/* Begin PBXResourcesBuildPhase section */
		C130378622D30F2A00767B03 /* Resources */ = {
			isa = PBXResourcesBuildPhase;
			buildActionMask = 2147483647;
			files = (
				C130379622D30F2B00767B03 /* LaunchScreen.storyboard in Resources */,
				C130379322D30F2B00767B03 /* Assets.xcassets in Resources */,
				C130379122D30F2A00767B03 /* Main.storyboard in Resources */,
			);
			runOnlyForDeploymentPostprocessing = 0;
		};
/* End PBXResourcesBuildPhase section */

/* Begin PBXShellScriptBuildPhase section */
		5723AC1E3D56D1AF49476BE5 /* [CP] Embed Pods Frameworks */ = {
			isa = PBXShellScriptBuildPhase;
			buildActionMask = 2147483647;
			files = (
			);
			inputFileListPaths = (
				"${PODS_ROOT}/Target Support Files/Pods-SnapKitPractice/Pods-SnapKitPractice-frameworks-${CONFIGURATION}-input-files.xcfilelist",
			);
			name = "[CP] Embed Pods Frameworks";
			outputFileListPaths = (
				"${PODS_ROOT}/Target Support Files/Pods-SnapKitPractice/Pods-SnapKitPractice-frameworks-${CONFIGURATION}-output-files.xcfilelist",
			);
			runOnlyForDeploymentPostprocessing = 0;
			shellPath = /bin/sh;
			shellScript = "\"${PODS_ROOT}/Target Support Files/Pods-SnapKitPractice/Pods-SnapKitPractice-frameworks.sh\"\n";
			showEnvVarsInLog = 0;
		};
		ED0ACC36E10060974D2965BB /* [CP] Check Pods Manifest.lock */ = {
			isa = PBXShellScriptBuildPhase;
			buildActionMask = 2147483647;
			files = (
			);
			inputFileListPaths = (
			);
			inputPaths = (
				"${PODS_PODFILE_DIR_PATH}/Podfile.lock",
				"${PODS_ROOT}/Manifest.lock",
			);
			name = "[CP] Check Pods Manifest.lock";
			outputFileListPaths = (
			);
			outputPaths = (
				"$(DERIVED_FILE_DIR)/Pods-SnapKitPractice-checkManifestLockResult.txt",
			);
			runOnlyForDeploymentPostprocessing = 0;
			shellPath = /bin/sh;
			shellScript = "diff \"${PODS_PODFILE_DIR_PATH}/Podfile.lock\" \"${PODS_ROOT}/Manifest.lock\" > /dev/null\nif [ $? != 0 ] ; then\n    # print error to STDERR\n    echo \"error: The sandbox is not in sync with the Podfile.lock. Run 'pod install' or update your CocoaPods installation.\" >&2\n    exit 1\nfi\n# This output is used by Xcode 'outputs' to avoid re-running this script phase.\necho \"SUCCESS\" > \"${SCRIPT_OUTPUT_FILE_0}\"\n";
			showEnvVarsInLog = 0;
		};
/* End PBXShellScriptBuildPhase section */

/* Begin PBXSourcesBuildPhase section */
		C130378422D30F2A00767B03 /* Sources */ = {
			isa = PBXSourcesBuildPhase;
			buildActionMask = 2147483647;
			files = (
				C130378E22D30F2A00767B03 /* ViewController.swift in Sources */,
				C130378C22D30F2A00767B03 /* AppDelegate.swift in Sources */,
			);
			runOnlyForDeploymentPostprocessing = 0;
		};
/* End PBXSourcesBuildPhase section */

/* Begin PBXVariantGroup section */
		C130378F22D30F2A00767B03 /* Main.storyboard */ = {
			isa = PBXVariantGroup;
			children = (
				C130379022D30F2A00767B03 /* Base */,
			);
			name = Main.storyboard;
			sourceTree = "<group>";
		};
		C130379422D30F2B00767B03 /* LaunchScreen.storyboard */ = {
			isa = PBXVariantGroup;
			children = (
				C130379522D30F2B00767B03 /* Base */,
			);
			name = LaunchScreen.storyboard;
			sourceTree = "<group>";
		};
/* End PBXVariantGroup section */

/* Begin XCBuildConfiguration section */
		C130379822D30F2B00767B03 /* Debug */ = {
			isa = XCBuildConfiguration;
			buildSettings = {
				ALWAYS_SEARCH_USER_PATHS = NO;
				CLANG_ANALYZER_NONNULL = YES;
				CLANG_ANALYZER_NUMBER_OBJECT_CONVERSION = YES_AGGRESSIVE;
				CLANG_CXX_LANGUAGE_STANDARD = "gnu++14";
				CLANG_CXX_LIBRARY = "libc++";
				CLANG_ENABLE_MODULES = YES;
				CLANG_ENABLE_OBJC_ARC = YES;
				CLANG_ENABLE_OBJC_WEAK = YES;
				CLANG_WARN_BLOCK_CAPTURE_AUTORELEASING = YES;
				CLANG_WARN_BOOL_CONVERSION = YES;
				CLANG_WARN_COMMA = YES;
				CLANG_WARN_CONSTANT_CONVERSION = YES;
				CLANG_WARN_DEPRECATED_OBJC_IMPLEMENTATIONS = YES;
				CLANG_WARN_DIRECT_OBJC_ISA_USAGE = YES_ERROR;
				CLANG_WARN_DOCUMENTATION_COMMENTS = YES;
				CLANG_WARN_EMPTY_BODY = YES;
				CLANG_WARN_ENUM_CONVERSION = YES;
				CLANG_WARN_INFINITE_RECURSION = YES;
				CLANG_WARN_INT_CONVERSION = YES;
				CLANG_WARN_NON_LITERAL_NULL_CONVERSION = YES;
				CLANG_WARN_OBJC_IMPLICIT_RETAIN_SELF = YES;
				CLANG_WARN_OBJC_LITERAL_CONVERSION = YES;
				CLANG_WARN_OBJC_ROOT_CLASS = YES_ERROR;
				CLANG_WARN_RANGE_LOOP_ANALYSIS = YES;
				CLANG_WARN_STRICT_PROTOTYPES = YES;
				CLANG_WARN_SUSPICIOUS_MOVE = YES;
				CLANG_WARN_UNGUARDED_AVAILABILITY = YES_AGGRESSIVE;
				CLANG_WARN_UNREACHABLE_CODE = YES;
				CLANG_WARN__DUPLICATE_METHOD_MATCH = YES;
				CODE_SIGN_IDENTITY = "iPhone Developer";
				COPY_PHASE_STRIP = NO;
				DEBUG_INFORMATION_FORMAT = dwarf;
				ENABLE_STRICT_OBJC_MSGSEND = YES;
				ENABLE_TESTABILITY = YES;
				GCC_C_LANGUAGE_STANDARD = gnu11;
				GCC_DYNAMIC_NO_PIC = NO;
				GCC_NO_COMMON_BLOCKS = YES;
				GCC_OPTIMIZATION_LEVEL = 0;
				GCC_PREPROCESSOR_DEFINITIONS = (
					"DEBUG=1",
					"$(inherited)",
				);
				GCC_WARN_64_TO_32_BIT_CONVERSION = YES;
				GCC_WARN_ABOUT_RETURN_TYPE = YES_ERROR;
				GCC_WARN_UNDECLARED_SELECTOR = YES;
				GCC_WARN_UNINITIALIZED_AUTOS = YES_AGGRESSIVE;
				GCC_WARN_UNUSED_FUNCTION = YES;
				GCC_WARN_UNUSED_VARIABLE = YES;
				IPHONEOS_DEPLOYMENT_TARGET = 12.2;
				MTL_ENABLE_DEBUG_INFO = INCLUDE_SOURCE;
				MTL_FAST_MATH = YES;
				ONLY_ACTIVE_ARCH = YES;
				SDKROOT = iphoneos;
				SWIFT_ACTIVE_COMPILATION_CONDITIONS = DEBUG;
				SWIFT_OPTIMIZATION_LEVEL = "-Onone";
			};
			name = Debug;
		};
		C130379922D30F2B00767B03 /* Release */ = {
			isa = XCBuildConfiguration;
			buildSettings = {
				ALWAYS_SEARCH_USER_PATHS = NO;
				CLANG_ANALYZER_NONNULL = YES;
				CLANG_ANALYZER_NUMBER_OBJECT_CONVERSION = YES_AGGRESSIVE;
				CLANG_CXX_LANGUAGE_STANDARD = "gnu++14";
				CLANG_CXX_LIBRARY = "libc++";
				CLANG_ENABLE_MODULES = YES;
				CLANG_ENABLE_OBJC_ARC = YES;
				CLANG_ENABLE_OBJC_WEAK = YES;
				CLANG_WARN_BLOCK_CAPTURE_AUTORELEASING = YES;
				CLANG_WARN_BOOL_CONVERSION = YES;
				CLANG_WARN_COMMA = YES;
				CLANG_WARN_CONSTANT_CONVERSION = YES;
				CLANG_WARN_DEPRECATED_OBJC_IMPLEMENTATIONS = YES;
				CLANG_WARN_DIRECT_OBJC_ISA_USAGE = YES_ERROR;
				CLANG_WARN_DOCUMENTATION_COMMENTS = YES;
				CLANG_WARN_EMPTY_BODY = YES;
				CLANG_WARN_ENUM_CONVERSION = YES;
				CLANG_WARN_INFINITE_RECURSION = YES;
				CLANG_WARN_INT_CONVERSION = YES;
				CLANG_WARN_NON_LITERAL_NULL_CONVERSION = YES;
				CLANG_WARN_OBJC_IMPLICIT_RETAIN_SELF = YES;
				CLANG_WARN_OBJC_LITERAL_CONVERSION = YES;
				CLANG_WARN_OBJC_ROOT_CLASS = YES_ERROR;
				CLANG_WARN_RANGE_LOOP_ANALYSIS = YES;
				CLANG_WARN_STRICT_PROTOTYPES = YES;
				CLANG_WARN_SUSPICIOUS_MOVE = YES;
				CLANG_WARN_UNGUARDED_AVAILABILITY = YES_AGGRESSIVE;
				CLANG_WARN_UNREACHABLE_CODE = YES;
				CLANG_WARN__DUPLICATE_METHOD_MATCH = YES;
				CODE_SIGN_IDENTITY = "iPhone Developer";
				COPY_PHASE_STRIP = NO;
				DEBUG_INFORMATION_FORMAT = "dwarf-with-dsym";
				ENABLE_NS_ASSERTIONS = NO;
				ENABLE_STRICT_OBJC_MSGSEND = YES;
				GCC_C_LANGUAGE_STANDARD = gnu11;
				GCC_NO_COMMON_BLOCKS = YES;
				GCC_WARN_64_TO_32_BIT_CONVERSION = YES;
				GCC_WARN_ABOUT_RETURN_TYPE = YES_ERROR;
				GCC_WARN_UNDECLARED_SELECTOR = YES;
				GCC_WARN_UNINITIALIZED_AUTOS = YES_AGGRESSIVE;
				GCC_WARN_UNUSED_FUNCTION = YES;
				GCC_WARN_UNUSED_VARIABLE = YES;
				IPHONEOS_DEPLOYMENT_TARGET = 12.2;
				MTL_ENABLE_DEBUG_INFO = NO;
				MTL_FAST_MATH = YES;
				SDKROOT = iphoneos;
				SWIFT_COMPILATION_MODE = wholemodule;
				SWIFT_OPTIMIZATION_LEVEL = "-O";
				VALIDATE_PRODUCT = YES;
			};
			name = Release;
		};
		C130379B22D30F2B00767B03 /* Debug */ = {
			isa = XCBuildConfiguration;
			baseConfigurationReference = 240B2FF05F7AB6A6D8A9A876 /* Pods-SnapKitPractice.debug.xcconfig */;
			buildSettings = {
				ASSETCATALOG_COMPILER_APPICON_NAME = AppIcon;
				CODE_SIGN_STYLE = Automatic;
				DEVELOPMENT_TEAM = KNHX5B578D;
				INFOPLIST_FILE = SnapKitPractice/Info.plist;
				LD_RUNPATH_SEARCH_PATHS = (
					"$(inherited)",
					"@executable_path/Frameworks",
				);
				PRODUCT_BUNDLE_IDENTIFIER = com.your.SnapKitPractice;
				PRODUCT_NAME = "$(TARGET_NAME)";
				SWIFT_VERSION = 5.0;
				TARGETED_DEVICE_FAMILY = "1,2";
			};
			name = Debug;
		};
		C130379C22D30F2B00767B03 /* Release */ = {
			isa = XCBuildConfiguration;
			baseConfigurationReference = AADF456B2D462838A5853363 /* Pods-SnapKitPractice.release.xcconfig */;
			buildSettings = {
				ASSETCATALOG_COMPILER_APPICON_NAME = AppIcon;
				CODE_SIGN_STYLE = Automatic;
				DEVELOPMENT_TEAM = KNHX5B578D;
				INFOPLIST_FILE = SnapKitPractice/Info.plist;
				LD_RUNPATH_SEARCH_PATHS = (
					"$(inherited)",
					"@executable_path/Frameworks",
				);
				PRODUCT_BUNDLE_IDENTIFIER = com.your.SnapKitPractice;
				PRODUCT_NAME = "$(TARGET_NAME)";
				SWIFT_VERSION = 5.0;
				TARGETED_DEVICE_FAMILY = "1,2";
			};
			name = Release;
		};
/* End XCBuildConfiguration section */

/* Begin XCConfigurationList section */
		C130378322D30F2A00767B03 /* Build configuration list for PBXProject "SnapKitPractice" */ = {
			isa = XCConfigurationList;
			buildConfigurations = (
				C130379822D30F2B00767B03 /* Debug */,
				C130379922D30F2B00767B03 /* Release */,
			);
			defaultConfigurationIsVisible = 0;
			defaultConfigurationName = Release;
		};
		C130379A22D30F2B00767B03 /* Build configuration list for PBXNativeTarget "SnapKitPractice" */ = {
			isa = XCConfigurationList;
			buildConfigurations = (
				C130379B22D30F2B00767B03 /* Debug */,
				C130379C22D30F2B00767B03 /* Release */,
			);
			defaultConfigurationIsVisible = 0;
			defaultConfigurationName = Release;
		};
/* End XCConfigurationList section */
	};
	rootObject = C130378022D30F2A00767B03 /* Project object */;
}
