// !$*UTF8*$!
{
	archiveVersion = 1;
	classes = {
	};
	objectVersion = 50;
	objects = {

/* Begin PBXBuildFile section */
		C19356C62259DCEC00A47732 /* AppDelegate.swift in Sources */ = {isa = PBXBuildFile; fileRef = C19356C52259DCEC00A47732 /* AppDelegate.swift */; };
		C19356C82259DCEC00A47732 /* FirstViewController.swift in Sources */ = {isa = PBXBuildFile; fileRef = C19356C72259DCEC00A47732 /* FirstViewController.swift */; };
		C19356CB2259DCEC00A47732 /* Main.storyboard in Resources */ = {isa = PBXBuildFile; fileRef = C19356C92259DCEC00A47732 /* Main.storyboard */; };
		C19356CD2259DCEE00A47732 /* Assets.xcassets in Resources */ = {isa = PBXBuildFile; fileRef = C19356CC2259DCEE00A47732 /* Assets.xcassets */; };
		C19356D02259DCEE00A47732 /* LaunchScreen.storyboard in Resources */ = {isa = PBXBuildFile; fileRef = C19356CE2259DCEE00A47732 /* LaunchScreen.storyboard */; };
		C19356D82259E5DB00A47732 /* AddToFriendsViewController.swift in Sources */ = {isa = PBXBuildFile; fileRef = C19356D72259E5DB00A47732 /* AddToFriendsViewController.swift */; };
/* End PBXBuildFile section */

/* Begin PBXFileReference section */
		C19356C22259DCEC00A47732 /* 20190405_kakaoPage.app */ = {isa = PBXFileReference; explicitFileType = wrapper.application; includeInIndex = 0; path = 20190405_kakaoPage.app; sourceTree = BUILT_PRODUCTS_DIR; };
		C19356C52259DCEC00A47732 /* AppDelegate.swift */ = {isa = PBXFileReference; lastKnownFileType = sourcecode.swift; path = AppDelegate.swift; sourceTree = "<group>"; };
		C19356C72259DCEC00A47732 /* FirstViewController.swift */ = {isa = PBXFileReference; lastKnownFileType = sourcecode.swift; path = FirstViewController.swift; sourceTree = "<group>"; };
		C19356CA2259DCEC00A47732 /* Base */ = {isa = PBXFileReference; lastKnownFileType = file.storyboard; name = Base; path = Base.lproj/Main.storyboard; sourceTree = "<group>"; };
		C19356CC2259DCEE00A47732 /* Assets.xcassets */ = {isa = PBXFileReference; lastKnownFileType = folder.assetcatalog; path = Assets.xcassets; sourceTree = "<group>"; };
		C19356CF2259DCEE00A47732 /* Base */ = {isa = PBXFileReference; lastKnownFileType = file.storyboard; name = Base; path = Base.lproj/LaunchScreen.storyboard; sourceTree = "<group>"; };
		C19356D12259DCEE00A47732 /* Info.plist */ = {isa = PBXFileReference; lastKnownFileType = text.plist.xml; path = Info.plist; sourceTree = "<group>"; };
		C19356D72259E5DB00A47732 /* AddToFriendsViewController.swift */ = {isa = PBXFileReference; lastKnownFileType = sourcecode.swift; path = AddToFriendsViewController.swift; sourceTree = "<group>"; };
/* End PBXFileReference section */

/* Begin PBXFrameworksBuildPhase section */
		C19356BF2259DCEC00A47732 /* Frameworks */ = {
			isa = PBXFrameworksBuildPhase;
			buildActionMask = 2147483647;
			files = (
			);
			runOnlyForDeploymentPostprocessing = 0;
		};
/* End PBXFrameworksBuildPhase section */

/* Begin PBXGroup section */
		C19356B92259DCEC00A47732 = {
			isa = PBXGroup;
			children = (
				C19356C42259DCEC00A47732 /* 20190405_kakaoPage */,
				C19356C32259DCEC00A47732 /* Products */,
			);
			sourceTree = "<group>";
		};
		C19356C32259DCEC00A47732 /* Products */ = {
			isa = PBXGroup;
			children = (
				C19356C22259DCEC00A47732 /* 20190405_kakaoPage.app */,
			);
			name = Products;
			sourceTree = "<group>";
		};
		C19356C42259DCEC00A47732 /* 20190405_kakaoPage */ = {
			isa = PBXGroup;
			children = (
				C19356C52259DCEC00A47732 /* AppDelegate.swift */,
				C19356C72259DCEC00A47732 /* FirstViewController.swift */,
				C19356D72259E5DB00A47732 /* AddToFriendsViewController.swift */,
				C19356C92259DCEC00A47732 /* Main.storyboard */,
				C19356CC2259DCEE00A47732 /* Assets.xcassets */,
				C19356CE2259DCEE00A47732 /* LaunchScreen.storyboard */,
				C19356D12259DCEE00A47732 /* Info.plist */,
			);
			path = 20190405_kakaoPage;
			sourceTree = "<group>";
		};
/* End PBXGroup section */

/* Begin PBXNativeTarget section */
		C19356C12259DCEC00A47732 /* 20190405_kakaoPage */ = {
			isa = PBXNativeTarget;
			buildConfigurationList = C19356D42259DCEE00A47732 /* Build configuration list for PBXNativeTarget "20190405_kakaoPage" */;
			buildPhases = (
				C19356BE2259DCEC00A47732 /* Sources */,
				C19356BF2259DCEC00A47732 /* Frameworks */,
				C19356C02259DCEC00A47732 /* Resources */,
			);
			buildRules = (
			);
			dependencies = (
			);
			name = 20190405_kakaoPage;
			productName = 20190405_kakaoPage;
			productReference = C19356C22259DCEC00A47732 /* 20190405_kakaoPage.app */;
			productType = "com.apple.product-type.application";
		};
/* End PBXNativeTarget section */

/* Begin PBXProject section */
		C19356BA2259DCEC00A47732 /* Project object */ = {
			isa = PBXProject;
			attributes = {
				LastSwiftUpdateCheck = 1020;
				LastUpgradeCheck = 1020;
				ORGANIZATIONNAME = "Jeon-heaji";
				TargetAttributes = {
					C19356C12259DCEC00A47732 = {
						CreatedOnToolsVersion = 10.2;
					};
				};
			};
			buildConfigurationList = C19356BD2259DCEC00A47732 /* Build configuration list for PBXProject "20190405_kakaoPage" */;
			compatibilityVersion = "Xcode 9.3";
			developmentRegion = en;
			hasScannedForEncodings = 0;
			knownRegions = (
				en,
				Base,
			);
			mainGroup = C19356B92259DCEC00A47732;
			productRefGroup = C19356C32259DCEC00A47732 /* Products */;
			projectDirPath = "";
			projectRoot = "";
			targets = (
				C19356C12259DCEC00A47732 /* 20190405_kakaoPage */,
			);
		};
/* End PBXProject section */

/* Begin PBXResourcesBuildPhase section */
		C19356C02259DCEC00A47732 /* Resources */ = {
			isa = PBXResourcesBuildPhase;
			buildActionMask = 2147483647;
			files = (
				C19356D02259DCEE00A47732 /* LaunchScreen.storyboard in Resources */,
				C19356CD2259DCEE00A47732 /* Assets.xcassets in Resources */,
				C19356CB2259DCEC00A47732 /* Main.storyboard in Resources */,
			);
			runOnlyForDeploymentPostprocessing = 0;
		};
/* End PBXResourcesBuildPhase section */

/* Begin PBXSourcesBuildPhase section */
		C19356BE2259DCEC00A47732 /* Sources */ = {
			isa = PBXSourcesBuildPhase;
			buildActionMask = 2147483647;
			files = (
				C19356D82259E5DB00A47732 /* AddToFriendsViewController.swift in Sources */,
				C19356C82259DCEC00A47732 /* FirstViewController.swift in Sources */,
				C19356C62259DCEC00A47732 /* AppDelegate.swift in Sources */,
			);
			runOnlyForDeploymentPostprocessing = 0;
		};
/* End PBXSourcesBuildPhase section */

/* Begin PBXVariantGroup section */
		C19356C92259DCEC00A47732 /* Main.storyboard */ = {
			isa = PBXVariantGroup;
			children = (
				C19356CA2259DCEC00A47732 /* Base */,
			);
			name = Main.storyboard;
			sourceTree = "<group>";
		};
		C19356CE2259DCEE00A47732 /* LaunchScreen.storyboard */ = {
			isa = PBXVariantGroup;
			children = (
				C19356CF2259DCEE00A47732 /* Base */,
			);
			name = LaunchScreen.storyboard;
			sourceTree = "<group>";
		};
/* End PBXVariantGroup section */

/* Begin XCBuildConfiguration section */
		C19356D22259DCEE00A47732 /* Debug */ = {
			isa = XCBuildConfiguration;
			buildSettings = {
				ALWAYS_SEARCH_USER_PATHS = NO;
				CLANG_ANALYZER_NONNULL = YES;
				CLANG_ANALYZER_NUMBER_OBJECT_CONVERSION = YES_AGGRESSIVE;
				CLANG_CXX_LANGUAGE_STANDARD = "gnu++14";
				CLANG_CXX_LIBRARY = "libc++";
				CLANG_ENABLE_MODULES = YES;
				CLANG_ENABLE_OBJC_ARC = YES;
				CLANG_ENABLE_OBJC_WEAK = YES;
				CLANG_WARN_BLOCK_CAPTURE_AUTORELEASING = YES;
				CLANG_WARN_BOOL_CONVERSION = YES;
				CLANG_WARN_COMMA = YES;
				CLANG_WARN_CONSTANT_CONVERSION = YES;
				CLANG_WARN_DEPRECATED_OBJC_IMPLEMENTATIONS = YES;
				CLANG_WARN_DIRECT_OBJC_ISA_USAGE = YES_ERROR;
				CLANG_WARN_DOCUMENTATION_COMMENTS = YES;
				CLANG_WARN_EMPTY_BODY = YES;
				CLANG_WARN_ENUM_CONVERSION = YES;
				CLANG_WARN_INFINITE_RECURSION = YES;
				CLANG_WARN_INT_CONVERSION = YES;
				CLANG_WARN_NON_LITERAL_NULL_CONVERSION = YES;
				CLANG_WARN_OBJC_IMPLICIT_RETAIN_SELF = YES;
				CLANG_WARN_OBJC_LITERAL_CONVERSION = YES;
				CLANG_WARN_OBJC_ROOT_CLASS = YES_ERROR;
				CLANG_WARN_RANGE_LOOP_ANALYSIS = YES;
				CLANG_WARN_STRICT_PROTOTYPES = YES;
				CLANG_WARN_SUSPICIOUS_MOVE = YES;
				CLANG_WARN_UNGUARDED_AVAILABILITY = YES_AGGRESSIVE;
				CLANG_WARN_UNREACHABLE_CODE = YES;
				CLANG_WARN__DUPLICATE_METHOD_MATCH = YES;
				CODE_SIGN_IDENTITY = "iPhone Developer";
				COPY_PHASE_STRIP = NO;
				DEBUG_INFORMATION_FORMAT = dwarf;
				ENABLE_STRICT_OBJC_MSGSEND = YES;
				ENABLE_TESTABILITY = YES;
				GCC_C_LANGUAGE_STANDARD = gnu11;
				GCC_DYNAMIC_NO_PIC = NO;
				GCC_NO_COMMON_BLOCKS = YES;
				GCC_OPTIMIZATION_LEVEL = 0;
				GCC_PREPROCESSOR_DEFINITIONS = (
					"DEBUG=1",
					"$(inherited)",
				);
				GCC_WARN_64_TO_32_BIT_CONVERSION = YES;
				GCC_WARN_ABOUT_RETURN_TYPE = YES_ERROR;
				GCC_WARN_UNDECLARED_SELECTOR = YES;
				GCC_WARN_UNINITIALIZED_AUTOS = YES_AGGRESSIVE;
				GCC_WARN_UNUSED_FUNCTION = YES;
				GCC_WARN_UNUSED_VARIABLE = YES;
				IPHONEOS_DEPLOYMENT_TARGET = 12.2;
				MTL_ENABLE_DEBUG_INFO = INCLUDE_SOURCE;
				MTL_FAST_MATH = YES;
				ONLY_ACTIVE_ARCH = YES;
				SDKROOT = iphoneos;
				SWIFT_ACTIVE_COMPILATION_CONDITIONS = DEBUG;
				SWIFT_OPTIMIZATION_LEVEL = "-Onone";
			};
			name = Debug;
		};
		C19356D32259DCEE00A47732 /* Release */ = {
			isa = XCBuildConfiguration;
			buildSettings = {
				ALWAYS_SEARCH_USER_PATHS = NO;
				CLANG_ANALYZER_NONNULL = YES;
				CLANG_ANALYZER_NUMBER_OBJECT_CONVERSION = YES_AGGRESSIVE;
				CLANG_CXX_LANGUAGE_STANDARD = "gnu++14";
				CLANG_CXX_LIBRARY = "libc++";
				CLANG_ENABLE_MODULES = YES;
				CLANG_ENABLE_OBJC_ARC = YES;
				CLANG_ENABLE_OBJC_WEAK = YES;
				CLANG_WARN_BLOCK_CAPTURE_AUTORELEASING = YES;
				CLANG_WARN_BOOL_CONVERSION = YES;
				CLANG_WARN_COMMA = YES;
				CLANG_WARN_CONSTANT_CONVERSION = YES;
				CLANG_WARN_DEPRECATED_OBJC_IMPLEMENTATIONS = YES;
				CLANG_WARN_DIRECT_OBJC_ISA_USAGE = YES_ERROR;
				CLANG_WARN_DOCUMENTATION_COMMENTS = YES;
				CLANG_WARN_EMPTY_BODY = YES;
				CLANG_WARN_ENUM_CONVERSION = YES;
				CLANG_WARN_INFINITE_RECURSION = YES;
				CLANG_WARN_INT_CONVERSION = YES;
				CLANG_WARN_NON_LITERAL_NULL_CONVERSION = YES;
				CLANG_WARN_OBJC_IMPLICIT_RETAIN_SELF = YES;
				CLANG_WARN_OBJC_LITERAL_CONVERSION = YES;
				CLANG_WARN_OBJC_ROOT_CLASS = YES_ERROR;
				CLANG_WARN_RANGE_LOOP_ANALYSIS = YES;
				CLANG_WARN_STRICT_PROTOTYPES = YES;
				CLANG_WARN_SUSPICIOUS_MOVE = YES;
				CLANG_WARN_UNGUARDED_AVAILABILITY = YES_AGGRESSIVE;
				CLANG_WARN_UNREACHABLE_CODE = YES;
				CLANG_WARN__DUPLICATE_METHOD_MATCH = YES;
				CODE_SIGN_IDENTITY = "iPhone Developer";
				COPY_PHASE_STRIP = NO;
				DEBUG_INFORMATION_FORMAT = "dwarf-with-dsym";
				ENABLE_NS_ASSERTIONS = NO;
				ENABLE_STRICT_OBJC_MSGSEND = YES;
				GCC_C_LANGUAGE_STANDARD = gnu11;
				GCC_NO_COMMON_BLOCKS = YES;
				GCC_WARN_64_TO_32_BIT_CONVERSION = YES;
				GCC_WARN_ABOUT_RETURN_TYPE = YES_ERROR;
				GCC_WARN_UNDECLARED_SELECTOR = YES;
				GCC_WARN_UNINITIALIZED_AUTOS = YES_AGGRESSIVE;
				GCC_WARN_UNUSED_FUNCTION = YES;
				GCC_WARN_UNUSED_VARIABLE = YES;
				IPHONEOS_DEPLOYMENT_TARGET = 12.2;
				MTL_ENABLE_DEBUG_INFO = NO;
				MTL_FAST_MATH = YES;
				SDKROOT = iphoneos;
				SWIFT_COMPILATION_MODE = wholemodule;
				SWIFT_OPTIMIZATION_LEVEL = "-O";
				VALIDATE_PRODUCT = YES;
			};
			name = Release;
		};
		C19356D52259DCEE00A47732 /* Debug */ = {
			isa = XCBuildConfiguration;
			buildSettings = {
				ASSETCATALOG_COMPILER_APPICON_NAME = AppIcon;
				CODE_SIGN_STYLE = Automatic;
				INFOPLIST_FILE = 20190405_kakaoPage/Info.plist;
				LD_RUNPATH_SEARCH_PATHS = (
					"$(inherited)",
					"@executable_path/Frameworks",
				);
				PRODUCT_BUNDLE_IDENTIFIER = "com.your.-0190405-kakaoPage";
				PRODUCT_NAME = "$(TARGET_NAME)";
				SWIFT_VERSION = 5.0;
				TARGETED_DEVICE_FAMILY = "1,2";
			};
			name = Debug;
		};
		C19356D62259DCEE00A47732 /* Release */ = {
			isa = XCBuildConfiguration;
			buildSettings = {
				ASSETCATALOG_COMPILER_APPICON_NAME = AppIcon;
				CODE_SIGN_STYLE = Automatic;
				INFOPLIST_FILE = 20190405_kakaoPage/Info.plist;
				LD_RUNPATH_SEARCH_PATHS = (
					"$(inherited)",
					"@executable_path/Frameworks",
				);
				PRODUCT_BUNDLE_IDENTIFIER = "com.your.-0190405-kakaoPage";
				PRODUCT_NAME = "$(TARGET_NAME)";
				SWIFT_VERSION = 5.0;
				TARGETED_DEVICE_FAMILY = "1,2";
			};
			name = Release;
		};
/* End XCBuildConfiguration section */

/* Begin XCConfigurationList section */
		C19356BD2259DCEC00A47732 /* Build configuration list for PBXProject "20190405_kakaoPage" */ = {
			isa = XCConfigurationList;
			buildConfigurations = (
				C19356D22259DCEE00A47732 /* Debug */,
				C19356D32259DCEE00A47732 /* Release */,
			);
			defaultConfigurationIsVisible = 0;
			defaultConfigurationName = Release;
		};
		C19356D42259DCEE00A47732 /* Build configuration list for PBXNativeTarget "20190405_kakaoPage" */ = {
			isa = XCConfigurationList;
			buildConfigurations = (
				C19356D52259DCEE00A47732 /* Debug */,
				C19356D62259DCEE00A47732 /* Release */,
			);
			defaultConfigurationIsVisible = 0;
			defaultConfigurationName = Release;
		};
/* End XCConfigurationList section */
	};
	rootObject = C19356BA2259DCEC00A47732 /* Project object */;
}
