// !$*UTF8*$!
{
	archiveVersion = 1;
	classes = {
	};
	objectVersion = 50;
	objects = {

/* Begin PBXBuildFile section */
		C1FE210B22B9FBF7007A36D4 /* AppDelegate.swift in Sources */ = {isa = PBXBuildFile; fileRef = C1FE210A22B9FBF7007A36D4 /* AppDelegate.swift */; };
		C1FE211222B9FBF8007A36D4 /* Assets.xcassets in Resources */ = {isa = PBXBuildFile; fileRef = C1FE211122B9FBF8007A36D4 /* Assets.xcassets */; };
		C1FE211522B9FBF8007A36D4 /* LaunchScreen.storyboard in Resources */ = {isa = PBXBuildFile; fileRef = C1FE211322B9FBF8007A36D4 /* LaunchScreen.storyboard */; };
		C1FE211D22B9FC9A007A36D4 /* CustomTabBarViewController.swift in Sources */ = {isa = PBXBuildFile; fileRef = C1FE211C22B9FC9A007A36D4 /* CustomTabBarViewController.swift */; };
		C1FE212122B9FD40007A36D4 /* MenuBar.swift in Sources */ = {isa = PBXBuildFile; fileRef = C1FE212022B9FD40007A36D4 /* MenuBar.swift */; };
		C1FE212322BA01B9007A36D4 /* MenuCell.swift in Sources */ = {isa = PBXBuildFile; fileRef = C1FE212222BA01B9007A36D4 /* MenuCell.swift */; };
		C1FE212A22BA10A5007A36D4 /* Protocol.swift in Sources */ = {isa = PBXBuildFile; fileRef = C1FE212922BA10A5007A36D4 /* Protocol.swift */; };
		C1FE212C22BA19C5007A36D4 /* MenuView.swift in Sources */ = {isa = PBXBuildFile; fileRef = C1FE212B22BA19C5007A36D4 /* MenuView.swift */; };
/* End PBXBuildFile section */

/* Begin PBXFileReference section */
		C1FE210722B9FBF7007A36D4 /* CustomTabBarExample.app */ = {isa = PBXFileReference; explicitFileType = wrapper.application; includeInIndex = 0; path = CustomTabBarExample.app; sourceTree = BUILT_PRODUCTS_DIR; };
		C1FE210A22B9FBF7007A36D4 /* AppDelegate.swift */ = {isa = PBXFileReference; lastKnownFileType = sourcecode.swift; path = AppDelegate.swift; sourceTree = "<group>"; };
		C1FE211122B9FBF8007A36D4 /* Assets.xcassets */ = {isa = PBXFileReference; lastKnownFileType = folder.assetcatalog; path = Assets.xcassets; sourceTree = "<group>"; };
		C1FE211422B9FBF8007A36D4 /* Base */ = {isa = PBXFileReference; lastKnownFileType = file.storyboard; name = Base; path = Base.lproj/LaunchScreen.storyboard; sourceTree = "<group>"; };
		C1FE211622B9FBF8007A36D4 /* Info.plist */ = {isa = PBXFileReference; lastKnownFileType = text.plist.xml; path = Info.plist; sourceTree = "<group>"; };
		C1FE211C22B9FC9A007A36D4 /* CustomTabBarViewController.swift */ = {isa = PBXFileReference; lastKnownFileType = sourcecode.swift; path = CustomTabBarViewController.swift; sourceTree = "<group>"; };
		C1FE212022B9FD40007A36D4 /* MenuBar.swift */ = {isa = PBXFileReference; lastKnownFileType = sourcecode.swift; path = MenuBar.swift; sourceTree = "<group>"; };
		C1FE212222BA01B9007A36D4 /* MenuCell.swift */ = {isa = PBXFileReference; lastKnownFileType = sourcecode.swift; path = MenuCell.swift; sourceTree = "<group>"; wrapsLines = 0; };
		C1FE212922BA10A5007A36D4 /* Protocol.swift */ = {isa = PBXFileReference; lastKnownFileType = sourcecode.swift; path = Protocol.swift; sourceTree = "<group>"; };
		C1FE212B22BA19C5007A36D4 /* MenuView.swift */ = {isa = PBXFileReference; lastKnownFileType = sourcecode.swift; path = MenuView.swift; sourceTree = "<group>"; };
/* End PBXFileReference section */

/* Begin PBXFrameworksBuildPhase section */
		C1FE210422B9FBF7007A36D4 /* Frameworks */ = {
			isa = PBXFrameworksBuildPhase;
			buildActionMask = 2147483647;
			files = (
			);
			runOnlyForDeploymentPostprocessing = 0;
		};
/* End PBXFrameworksBuildPhase section */

/* Begin PBXGroup section */
		C1FE20FE22B9FBF7007A36D4 = {
			isa = PBXGroup;
			children = (
				C1FE210922B9FBF7007A36D4 /* CustomTabBarExample */,
				C1FE210822B9FBF7007A36D4 /* Products */,
			);
			sourceTree = "<group>";
		};
		C1FE210822B9FBF7007A36D4 /* Products */ = {
			isa = PBXGroup;
			children = (
				C1FE210722B9FBF7007A36D4 /* CustomTabBarExample.app */,
			);
			name = Products;
			sourceTree = "<group>";
		};
		C1FE210922B9FBF7007A36D4 /* CustomTabBarExample */ = {
			isa = PBXGroup;
			children = (
				C1FE212822BA1096007A36D4 /* Util */,
				C1FE211F22B9FCBE007A36D4 /* View */,
				C1FE211E22B9FCB0007A36D4 /* Controller */,
				C1FE210A22B9FBF7007A36D4 /* AppDelegate.swift */,
				C1FE211122B9FBF8007A36D4 /* Assets.xcassets */,
				C1FE211322B9FBF8007A36D4 /* LaunchScreen.storyboard */,
				C1FE211622B9FBF8007A36D4 /* Info.plist */,
			);
			path = CustomTabBarExample;
			sourceTree = "<group>";
		};
		C1FE211E22B9FCB0007A36D4 /* Controller */ = {
			isa = PBXGroup;
			children = (
				C1FE211C22B9FC9A007A36D4 /* CustomTabBarViewController.swift */,
			);
			path = Controller;
			sourceTree = "<group>";
		};
		C1FE211F22B9FCBE007A36D4 /* View */ = {
			isa = PBXGroup;
			children = (
				C1FE212022B9FD40007A36D4 /* MenuBar.swift */,
				C1FE212222BA01B9007A36D4 /* MenuCell.swift */,
				C1FE212B22BA19C5007A36D4 /* MenuView.swift */,
			);
			path = View;
			sourceTree = "<group>";
		};
		C1FE212822BA1096007A36D4 /* Util */ = {
			isa = PBXGroup;
			children = (
				C1FE212922BA10A5007A36D4 /* Protocol.swift */,
			);
			path = Util;
			sourceTree = "<group>";
		};
/* End PBXGroup section */

/* Begin PBXNativeTarget section */
		C1FE210622B9FBF7007A36D4 /* CustomTabBarExample */ = {
			isa = PBXNativeTarget;
			buildConfigurationList = C1FE211922B9FBF8007A36D4 /* Build configuration list for PBXNativeTarget "CustomTabBarExample" */;
			buildPhases = (
				C1FE210322B9FBF7007A36D4 /* Sources */,
				C1FE210422B9FBF7007A36D4 /* Frameworks */,
				C1FE210522B9FBF7007A36D4 /* Resources */,
			);
			buildRules = (
			);
			dependencies = (
			);
			name = CustomTabBarExample;
			productName = CustomTabBarExample;
			productReference = C1FE210722B9FBF7007A36D4 /* CustomTabBarExample.app */;
			productType = "com.apple.product-type.application";
		};
/* End PBXNativeTarget section */

/* Begin PBXProject section */
		C1FE20FF22B9FBF7007A36D4 /* Project object */ = {
			isa = PBXProject;
			attributes = {
				LastSwiftUpdateCheck = 1020;
				LastUpgradeCheck = 1020;
				ORGANIZATIONNAME = "Jeon-heaji";
				TargetAttributes = {
					C1FE210622B9FBF7007A36D4 = {
						CreatedOnToolsVersion = 10.2.1;
					};
				};
			};
			buildConfigurationList = C1FE210222B9FBF7007A36D4 /* Build configuration list for PBXProject "CustomTabBarExample" */;
			compatibilityVersion = "Xcode 9.3";
			developmentRegion = en;
			hasScannedForEncodings = 0;
			knownRegions = (
				en,
				Base,
			);
			mainGroup = C1FE20FE22B9FBF7007A36D4;
			productRefGroup = C1FE210822B9FBF7007A36D4 /* Products */;
			projectDirPath = "";
			projectRoot = "";
			targets = (
				C1FE210622B9FBF7007A36D4 /* CustomTabBarExample */,
			);
		};
/* End PBXProject section */

/* Begin PBXResourcesBuildPhase section */
		C1FE210522B9FBF7007A36D4 /* Resources */ = {
			isa = PBXResourcesBuildPhase;
			buildActionMask = 2147483647;
			files = (
				C1FE211522B9FBF8007A36D4 /* LaunchScreen.storyboard in Resources */,
				C1FE211222B9FBF8007A36D4 /* Assets.xcassets in Resources */,
			);
			runOnlyForDeploymentPostprocessing = 0;
		};
/* End PBXResourcesBuildPhase section */

/* Begin PBXSourcesBuildPhase section */
		C1FE210322B9FBF7007A36D4 /* Sources */ = {
			isa = PBXSourcesBuildPhase;
			buildActionMask = 2147483647;
			files = (
				C1FE211D22B9FC9A007A36D4 /* CustomTabBarViewController.swift in Sources */,
				C1FE212C22BA19C5007A36D4 /* MenuView.swift in Sources */,
				C1FE210B22B9FBF7007A36D4 /* AppDelegate.swift in Sources */,
				C1FE212322BA01B9007A36D4 /* MenuCell.swift in Sources */,
				C1FE212122B9FD40007A36D4 /* MenuBar.swift in Sources */,
				C1FE212A22BA10A5007A36D4 /* Protocol.swift in Sources */,
			);
			runOnlyForDeploymentPostprocessing = 0;
		};
/* End PBXSourcesBuildPhase section */

/* Begin PBXVariantGroup section */
		C1FE211322B9FBF8007A36D4 /* LaunchScreen.storyboard */ = {
			isa = PBXVariantGroup;
			children = (
				C1FE211422B9FBF8007A36D4 /* Base */,
			);
			name = LaunchScreen.storyboard;
			sourceTree = "<group>";
		};
/* End PBXVariantGroup section */

/* Begin XCBuildConfiguration section */
		C1FE211722B9FBF8007A36D4 /* Debug */ = {
			isa = XCBuildConfiguration;
			buildSettings = {
				ALWAYS_SEARCH_USER_PATHS = NO;
				CLANG_ANALYZER_NONNULL = YES;
				CLANG_ANALYZER_NUMBER_OBJECT_CONVERSION = YES_AGGRESSIVE;
				CLANG_CXX_LANGUAGE_STANDARD = "gnu++14";
				CLANG_CXX_LIBRARY = "libc++";
				CLANG_ENABLE_MODULES = YES;
				CLANG_ENABLE_OBJC_ARC = YES;
				CLANG_ENABLE_OBJC_WEAK = YES;
				CLANG_WARN_BLOCK_CAPTURE_AUTORELEASING = YES;
				CLANG_WARN_BOOL_CONVERSION = YES;
				CLANG_WARN_COMMA = YES;
				CLANG_WARN_CONSTANT_CONVERSION = YES;
				CLANG_WARN_DEPRECATED_OBJC_IMPLEMENTATIONS = YES;
				CLANG_WARN_DIRECT_OBJC_ISA_USAGE = YES_ERROR;
				CLANG_WARN_DOCUMENTATION_COMMENTS = YES;
				CLANG_WARN_EMPTY_BODY = YES;
				CLANG_WARN_ENUM_CONVERSION = YES;
				CLANG_WARN_INFINITE_RECURSION = YES;
				CLANG_WARN_INT_CONVERSION = YES;
				CLANG_WARN_NON_LITERAL_NULL_CONVERSION = YES;
				CLANG_WARN_OBJC_IMPLICIT_RETAIN_SELF = YES;
				CLANG_WARN_OBJC_LITERAL_CONVERSION = YES;
				CLANG_WARN_OBJC_ROOT_CLASS = YES_ERROR;
				CLANG_WARN_RANGE_LOOP_ANALYSIS = YES;
				CLANG_WARN_STRICT_PROTOTYPES = YES;
				CLANG_WARN_SUSPICIOUS_MOVE = YES;
				CLANG_WARN_UNGUARDED_AVAILABILITY = YES_AGGRESSIVE;
				CLANG_WARN_UNREACHABLE_CODE = YES;
				CLANG_WARN__DUPLICATE_METHOD_MATCH = YES;
				CODE_SIGN_IDENTITY = "iPhone Developer";
				COPY_PHASE_STRIP = NO;
				DEBUG_INFORMATION_FORMAT = dwarf;
				ENABLE_STRICT_OBJC_MSGSEND = YES;
				ENABLE_TESTABILITY = YES;
				GCC_C_LANGUAGE_STANDARD = gnu11;
				GCC_DYNAMIC_NO_PIC = NO;
				GCC_NO_COMMON_BLOCKS = YES;
				GCC_OPTIMIZATION_LEVEL = 0;
				GCC_PREPROCESSOR_DEFINITIONS = (
					"DEBUG=1",
					"$(inherited)",
				);
				GCC_WARN_64_TO_32_BIT_CONVERSION = YES;
				GCC_WARN_ABOUT_RETURN_TYPE = YES_ERROR;
				GCC_WARN_UNDECLARED_SELECTOR = YES;
				GCC_WARN_UNINITIALIZED_AUTOS = YES_AGGRESSIVE;
				GCC_WARN_UNUSED_FUNCTION = YES;
				GCC_WARN_UNUSED_VARIABLE = YES;
				IPHONEOS_DEPLOYMENT_TARGET = 12.2;
				MTL_ENABLE_DEBUG_INFO = INCLUDE_SOURCE;
				MTL_FAST_MATH = YES;
				ONLY_ACTIVE_ARCH = YES;
				SDKROOT = iphoneos;
				SWIFT_ACTIVE_COMPILATION_CONDITIONS = DEBUG;
				SWIFT_OPTIMIZATION_LEVEL = "-Onone";
			};
			name = Debug;
		};
		C1FE211822B9FBF8007A36D4 /* Release */ = {
			isa = XCBuildConfiguration;
			buildSettings = {
				ALWAYS_SEARCH_USER_PATHS = NO;
				CLANG_ANALYZER_NONNULL = YES;
				CLANG_ANALYZER_NUMBER_OBJECT_CONVERSION = YES_AGGRESSIVE;
				CLANG_CXX_LANGUAGE_STANDARD = "gnu++14";
				CLANG_CXX_LIBRARY = "libc++";
				CLANG_ENABLE_MODULES = YES;
				CLANG_ENABLE_OBJC_ARC = YES;
				CLANG_ENABLE_OBJC_WEAK = YES;
				CLANG_WARN_BLOCK_CAPTURE_AUTORELEASING = YES;
				CLANG_WARN_BOOL_CONVERSION = YES;
				CLANG_WARN_COMMA = YES;
				CLANG_WARN_CONSTANT_CONVERSION = YES;
				CLANG_WARN_DEPRECATED_OBJC_IMPLEMENTATIONS = YES;
				CLANG_WARN_DIRECT_OBJC_ISA_USAGE = YES_ERROR;
				CLANG_WARN_DOCUMENTATION_COMMENTS = YES;
				CLANG_WARN_EMPTY_BODY = YES;
				CLANG_WARN_ENUM_CONVERSION = YES;
				CLANG_WARN_INFINITE_RECURSION = YES;
				CLANG_WARN_INT_CONVERSION = YES;
				CLANG_WARN_NON_LITERAL_NULL_CONVERSION = YES;
				CLANG_WARN_OBJC_IMPLICIT_RETAIN_SELF = YES;
				CLANG_WARN_OBJC_LITERAL_CONVERSION = YES;
				CLANG_WARN_OBJC_ROOT_CLASS = YES_ERROR;
				CLANG_WARN_RANGE_LOOP_ANALYSIS = YES;
				CLANG_WARN_STRICT_PROTOTYPES = YES;
				CLANG_WARN_SUSPICIOUS_MOVE = YES;
				CLANG_WARN_UNGUARDED_AVAILABILITY = YES_AGGRESSIVE;
				CLANG_WARN_UNREACHABLE_CODE = YES;
				CLANG_WARN__DUPLICATE_METHOD_MATCH = YES;
				CODE_SIGN_IDENTITY = "iPhone Developer";
				COPY_PHASE_STRIP = NO;
				DEBUG_INFORMATION_FORMAT = "dwarf-with-dsym";
				ENABLE_NS_ASSERTIONS = NO;
				ENABLE_STRICT_OBJC_MSGSEND = YES;
				GCC_C_LANGUAGE_STANDARD = gnu11;
				GCC_NO_COMMON_BLOCKS = YES;
				GCC_WARN_64_TO_32_BIT_CONVERSION = YES;
				GCC_WARN_ABOUT_RETURN_TYPE = YES_ERROR;
				GCC_WARN_UNDECLARED_SELECTOR = YES;
				GCC_WARN_UNINITIALIZED_AUTOS = YES_AGGRESSIVE;
				GCC_WARN_UNUSED_FUNCTION = YES;
				GCC_WARN_UNUSED_VARIABLE = YES;
				IPHONEOS_DEPLOYMENT_TARGET = 12.2;
				MTL_ENABLE_DEBUG_INFO = NO;
				MTL_FAST_MATH = YES;
				SDKROOT = iphoneos;
				SWIFT_COMPILATION_MODE = wholemodule;
				SWIFT_OPTIMIZATION_LEVEL = "-O";
				VALIDATE_PRODUCT = YES;
			};
			name = Release;
		};
		C1FE211A22B9FBF8007A36D4 /* Debug */ = {
			isa = XCBuildConfiguration;
			buildSettings = {
				ASSETCATALOG_COMPILER_APPICON_NAME = AppIcon;
				CODE_SIGN_STYLE = Automatic;
				DEVELOPMENT_TEAM = KNHX5B578D;
				INFOPLIST_FILE = CustomTabBarExample/Info.plist;
				LD_RUNPATH_SEARCH_PATHS = (
					"$(inherited)",
					"@executable_path/Frameworks",
				);
				PRODUCT_BUNDLE_IDENTIFIER = com.your.CustomTabBarExample;
				PRODUCT_NAME = "$(TARGET_NAME)";
				SWIFT_VERSION = 5.0;
				TARGETED_DEVICE_FAMILY = "1,2";
			};
			name = Debug;
		};
		C1FE211B22B9FBF8007A36D4 /* Release */ = {
			isa = XCBuildConfiguration;
			buildSettings = {
				ASSETCATALOG_COMPILER_APPICON_NAME = AppIcon;
				CODE_SIGN_STYLE = Automatic;
				DEVELOPMENT_TEAM = KNHX5B578D;
				INFOPLIST_FILE = CustomTabBarExample/Info.plist;
				LD_RUNPATH_SEARCH_PATHS = (
					"$(inherited)",
					"@executable_path/Frameworks",
				);
				PRODUCT_BUNDLE_IDENTIFIER = com.your.CustomTabBarExample;
				PRODUCT_NAME = "$(TARGET_NAME)";
				SWIFT_VERSION = 5.0;
				TARGETED_DEVICE_FAMILY = "1,2";
			};
			name = Release;
		};
/* End XCBuildConfiguration section */

/* Begin XCConfigurationList section */
		C1FE210222B9FBF7007A36D4 /* Build configuration list for PBXProject "CustomTabBarExample" */ = {
			isa = XCConfigurationList;
			buildConfigurations = (
				C1FE211722B9FBF8007A36D4 /* Debug */,
				C1FE211822B9FBF8007A36D4 /* Release */,
			);
			defaultConfigurationIsVisible = 0;
			defaultConfigurationName = Release;
		};
		C1FE211922B9FBF8007A36D4 /* Build configuration list for PBXNativeTarget "CustomTabBarExample" */ = {
			isa = XCConfigurationList;
			buildConfigurations = (
				C1FE211A22B9FBF8007A36D4 /* Debug */,
				C1FE211B22B9FBF8007A36D4 /* Release */,
			);
			defaultConfigurationIsVisible = 0;
			defaultConfigurationName = Release;
		};
/* End XCConfigurationList section */
	};
	rootObject = C1FE20FF22B9FBF7007A36D4 /* Project object */;
}
