// !$*UTF8*$!
{
	archiveVersion = 1;
	classes = {
	};
	objectVersion = 50;
	objects = {

/* Begin PBXBuildFile section */
		C11F7A03225D7EC900E72BB7 /* AppDelegate.swift in Sources */ = {isa = PBXBuildFile; fileRef = C11F7A02225D7EC900E72BB7 /* AppDelegate.swift */; };
		C11F7A05225D7EC900E72BB7 /* ViewController.swift in Sources */ = {isa = PBXBuildFile; fileRef = C11F7A04225D7EC900E72BB7 /* ViewController.swift */; };
		C11F7A08225D7EC900E72BB7 /* Main.storyboard in Resources */ = {isa = PBXBuildFile; fileRef = C11F7A06225D7EC900E72BB7 /* Main.storyboard */; };
		C11F7A0A225D7ECA00E72BB7 /* Assets.xcassets in Resources */ = {isa = PBXBuildFile; fileRef = C11F7A09225D7ECA00E72BB7 /* Assets.xcassets */; };
		C11F7A0D225D7ECA00E72BB7 /* LaunchScreen.storyboard in Resources */ = {isa = PBXBuildFile; fileRef = C11F7A0B225D7ECA00E72BB7 /* LaunchScreen.storyboard */; };
/* End PBXBuildFile section */

/* Begin PBXFileReference section */
		C11F79FF225D7EC900E72BB7 /* 20190409_AutoLayout_code.app */ = {isa = PBXFileReference; explicitFileType = wrapper.application; includeInIndex = 0; path = 20190409_AutoLayout_code.app; sourceTree = BUILT_PRODUCTS_DIR; };
		C11F7A02225D7EC900E72BB7 /* AppDelegate.swift */ = {isa = PBXFileReference; lastKnownFileType = sourcecode.swift; path = AppDelegate.swift; sourceTree = "<group>"; };
		C11F7A04225D7EC900E72BB7 /* ViewController.swift */ = {isa = PBXFileReference; lastKnownFileType = sourcecode.swift; path = ViewController.swift; sourceTree = "<group>"; };
		C11F7A07225D7EC900E72BB7 /* Base */ = {isa = PBXFileReference; lastKnownFileType = file.storyboard; name = Base; path = Base.lproj/Main.storyboard; sourceTree = "<group>"; };
		C11F7A09225D7ECA00E72BB7 /* Assets.xcassets */ = {isa = PBXFileReference; lastKnownFileType = folder.assetcatalog; path = Assets.xcassets; sourceTree = "<group>"; };
		C11F7A0C225D7ECA00E72BB7 /* Base */ = {isa = PBXFileReference; lastKnownFileType = file.storyboard; name = Base; path = Base.lproj/LaunchScreen.storyboard; sourceTree = "<group>"; };
		C11F7A0E225D7ECA00E72BB7 /* Info.plist */ = {isa = PBXFileReference; lastKnownFileType = text.plist.xml; path = Info.plist; sourceTree = "<group>"; };
/* End PBXFileReference section */

/* Begin PBXFrameworksBuildPhase section */
		C11F79FC225D7EC900E72BB7 /* Frameworks */ = {
			isa = PBXFrameworksBuildPhase;
			buildActionMask = 2147483647;
			files = (
			);
			runOnlyForDeploymentPostprocessing = 0;
		};
/* End PBXFrameworksBuildPhase section */

/* Begin PBXGroup section */
		C11F79F6225D7EC900E72BB7 = {
			isa = PBXGroup;
			children = (
				C11F7A01225D7EC900E72BB7 /* 20190409_AutoLayout_code */,
				C11F7A00225D7EC900E72BB7 /* Products */,
			);
			sourceTree = "<group>";
		};
		C11F7A00225D7EC900E72BB7 /* Products */ = {
			isa = PBXGroup;
			children = (
				C11F79FF225D7EC900E72BB7 /* 20190409_AutoLayout_code.app */,
			);
			name = Products;
			sourceTree = "<group>";
		};
		C11F7A01225D7EC900E72BB7 /* 20190409_AutoLayout_code */ = {
			isa = PBXGroup;
			children = (
				C11F7A02225D7EC900E72BB7 /* AppDelegate.swift */,
				C11F7A04225D7EC900E72BB7 /* ViewController.swift */,
				C11F7A06225D7EC900E72BB7 /* Main.storyboard */,
				C11F7A09225D7ECA00E72BB7 /* Assets.xcassets */,
				C11F7A0B225D7ECA00E72BB7 /* LaunchScreen.storyboard */,
				C11F7A0E225D7ECA00E72BB7 /* Info.plist */,
			);
			path = 20190409_AutoLayout_code;
			sourceTree = "<group>";
		};
/* End PBXGroup section */

/* Begin PBXNativeTarget section */
		C11F79FE225D7EC900E72BB7 /* 20190409_AutoLayout_code */ = {
			isa = PBXNativeTarget;
			buildConfigurationList = C11F7A11225D7ECA00E72BB7 /* Build configuration list for PBXNativeTarget "20190409_AutoLayout_code" */;
			buildPhases = (
				C11F79FB225D7EC900E72BB7 /* Sources */,
				C11F79FC225D7EC900E72BB7 /* Frameworks */,
				C11F79FD225D7EC900E72BB7 /* Resources */,
			);
			buildRules = (
			);
			dependencies = (
			);
			name = 20190409_AutoLayout_code;
			productName = 20190409_AutoLayout_code;
			productReference = C11F79FF225D7EC900E72BB7 /* 20190409_AutoLayout_code.app */;
			productType = "com.apple.product-type.application";
		};
/* End PBXNativeTarget section */

/* Begin PBXProject section */
		C11F79F7225D7EC900E72BB7 /* Project object */ = {
			isa = PBXProject;
			attributes = {
				LastSwiftUpdateCheck = 1020;
				LastUpgradeCheck = 1020;
				ORGANIZATIONNAME = "Jeon-heaji";
				TargetAttributes = {
					C11F79FE225D7EC900E72BB7 = {
						CreatedOnToolsVersion = 10.2;
					};
				};
			};
			buildConfigurationList = C11F79FA225D7EC900E72BB7 /* Build configuration list for PBXProject "20190409_AutoLayout_code" */;
			compatibilityVersion = "Xcode 9.3";
			developmentRegion = en;
			hasScannedForEncodings = 0;
			knownRegions = (
				en,
				Base,
			);
			mainGroup = C11F79F6225D7EC900E72BB7;
			productRefGroup = C11F7A00225D7EC900E72BB7 /* Products */;
			projectDirPath = "";
			projectRoot = "";
			targets = (
				C11F79FE225D7EC900E72BB7 /* 20190409_AutoLayout_code */,
			);
		};
/* End PBXProject section */

/* Begin PBXResourcesBuildPhase section */
		C11F79FD225D7EC900E72BB7 /* Resources */ = {
			isa = PBXResourcesBuildPhase;
			buildActionMask = 2147483647;
			files = (
				C11F7A0D225D7ECA00E72BB7 /* LaunchScreen.storyboard in Resources */,
				C11F7A0A225D7ECA00E72BB7 /* Assets.xcassets in Resources */,
				C11F7A08225D7EC900E72BB7 /* Main.storyboard in Resources */,
			);
			runOnlyForDeploymentPostprocessing = 0;
		};
/* End PBXResourcesBuildPhase section */

/* Begin PBXSourcesBuildPhase section */
		C11F79FB225D7EC900E72BB7 /* Sources */ = {
			isa = PBXSourcesBuildPhase;
			buildActionMask = 2147483647;
			files = (
				C11F7A05225D7EC900E72BB7 /* ViewController.swift in Sources */,
				C11F7A03225D7EC900E72BB7 /* AppDelegate.swift in Sources */,
			);
			runOnlyForDeploymentPostprocessing = 0;
		};
/* End PBXSourcesBuildPhase section */

/* Begin PBXVariantGroup section */
		C11F7A06225D7EC900E72BB7 /* Main.storyboard */ = {
			isa = PBXVariantGroup;
			children = (
				C11F7A07225D7EC900E72BB7 /* Base */,
			);
			name = Main.storyboard;
			sourceTree = "<group>";
		};
		C11F7A0B225D7ECA00E72BB7 /* LaunchScreen.storyboard */ = {
			isa = PBXVariantGroup;
			children = (
				C11F7A0C225D7ECA00E72BB7 /* Base */,
			);
			name = LaunchScreen.storyboard;
			sourceTree = "<group>";
		};
/* End PBXVariantGroup section */

/* Begin XCBuildConfiguration section */
		C11F7A0F225D7ECA00E72BB7 /* Debug */ = {
			isa = XCBuildConfiguration;
			buildSettings = {
				ALWAYS_SEARCH_USER_PATHS = NO;
				CLANG_ANALYZER_NONNULL = YES;
				CLANG_ANALYZER_NUMBER_OBJECT_CONVERSION = YES_AGGRESSIVE;
				CLANG_CXX_LANGUAGE_STANDARD = "gnu++14";
				CLANG_CXX_LIBRARY = "libc++";
				CLANG_ENABLE_MODULES = YES;
				CLANG_ENABLE_OBJC_ARC = YES;
				CLANG_ENABLE_OBJC_WEAK = YES;
				CLANG_WARN_BLOCK_CAPTURE_AUTORELEASING = YES;
				CLANG_WARN_BOOL_CONVERSION = YES;
				CLANG_WARN_COMMA = YES;
				CLANG_WARN_CONSTANT_CONVERSION = YES;
				CLANG_WARN_DEPRECATED_OBJC_IMPLEMENTATIONS = YES;
				CLANG_WARN_DIRECT_OBJC_ISA_USAGE = YES_ERROR;
				CLANG_WARN_DOCUMENTATION_COMMENTS = YES;
				CLANG_WARN_EMPTY_BODY = YES;
				CLANG_WARN_ENUM_CONVERSION = YES;
				CLANG_WARN_INFINITE_RECURSION = YES;
				CLANG_WARN_INT_CONVERSION = YES;
				CLANG_WARN_NON_LITERAL_NULL_CONVERSION = YES;
				CLANG_WARN_OBJC_IMPLICIT_RETAIN_SELF = YES;
				CLANG_WARN_OBJC_LITERAL_CONVERSION = YES;
				CLANG_WARN_OBJC_ROOT_CLASS = YES_ERROR;
				CLANG_WARN_RANGE_LOOP_ANALYSIS = YES;
				CLANG_WARN_STRICT_PROTOTYPES = YES;
				CLANG_WARN_SUSPICIOUS_MOVE = YES;
				CLANG_WARN_UNGUARDED_AVAILABILITY = YES_AGGRESSIVE;
				CLANG_WARN_UNREACHABLE_CODE = YES;
				CLANG_WARN__DUPLICATE_METHOD_MATCH = YES;
				CODE_SIGN_IDENTITY = "iPhone Developer";
				COPY_PHASE_STRIP = NO;
				DEBUG_INFORMATION_FORMAT = dwarf;
				ENABLE_STRICT_OBJC_MSGSEND = YES;
				ENABLE_TESTABILITY = YES;
				GCC_C_LANGUAGE_STANDARD = gnu11;
				GCC_DYNAMIC_NO_PIC = NO;
				GCC_NO_COMMON_BLOCKS = YES;
				GCC_OPTIMIZATION_LEVEL = 0;
				GCC_PREPROCESSOR_DEFINITIONS = (
					"DEBUG=1",
					"$(inherited)",
				);
				GCC_WARN_64_TO_32_BIT_CONVERSION = YES;
				GCC_WARN_ABOUT_RETURN_TYPE = YES_ERROR;
				GCC_WARN_UNDECLARED_SELECTOR = YES;
				GCC_WARN_UNINITIALIZED_AUTOS = YES_AGGRESSIVE;
				GCC_WARN_UNUSED_FUNCTION = YES;
				GCC_WARN_UNUSED_VARIABLE = YES;
				IPHONEOS_DEPLOYMENT_TARGET = 12.2;
				MTL_ENABLE_DEBUG_INFO = INCLUDE_SOURCE;
				MTL_FAST_MATH = YES;
				ONLY_ACTIVE_ARCH = YES;
				SDKROOT = iphoneos;
				SWIFT_ACTIVE_COMPILATION_CONDITIONS = DEBUG;
				SWIFT_OPTIMIZATION_LEVEL = "-Onone";
			};
			name = Debug;
		};
		C11F7A10225D7ECA00E72BB7 /* Release */ = {
			isa = XCBuildConfiguration;
			buildSettings = {
				ALWAYS_SEARCH_USER_PATHS = NO;
				CLANG_ANALYZER_NONNULL = YES;
				CLANG_ANALYZER_NUMBER_OBJECT_CONVERSION = YES_AGGRESSIVE;
				CLANG_CXX_LANGUAGE_STANDARD = "gnu++14";
				CLANG_CXX_LIBRARY = "libc++";
				CLANG_ENABLE_MODULES = YES;
				CLANG_ENABLE_OBJC_ARC = YES;
				CLANG_ENABLE_OBJC_WEAK = YES;
				CLANG_WARN_BLOCK_CAPTURE_AUTORELEASING = YES;
				CLANG_WARN_BOOL_CONVERSION = YES;
				CLANG_WARN_COMMA = YES;
				CLANG_WARN_CONSTANT_CONVERSION = YES;
				CLANG_WARN_DEPRECATED_OBJC_IMPLEMENTATIONS = YES;
				CLANG_WARN_DIRECT_OBJC_ISA_USAGE = YES_ERROR;
				CLANG_WARN_DOCUMENTATION_COMMENTS = YES;
				CLANG_WARN_EMPTY_BODY = YES;
				CLANG_WARN_ENUM_CONVERSION = YES;
				CLANG_WARN_INFINITE_RECURSION = YES;
				CLANG_WARN_INT_CONVERSION = YES;
				CLANG_WARN_NON_LITERAL_NULL_CONVERSION = YES;
				CLANG_WARN_OBJC_IMPLICIT_RETAIN_SELF = YES;
				CLANG_WARN_OBJC_LITERAL_CONVERSION = YES;
				CLANG_WARN_OBJC_ROOT_CLASS = YES_ERROR;
				CLANG_WARN_RANGE_LOOP_ANALYSIS = YES;
				CLANG_WARN_STRICT_PROTOTYPES = YES;
				CLANG_WARN_SUSPICIOUS_MOVE = YES;
				CLANG_WARN_UNGUARDED_AVAILABILITY = YES_AGGRESSIVE;
				CLANG_WARN_UNREACHABLE_CODE = YES;
				CLANG_WARN__DUPLICATE_METHOD_MATCH = YES;
				CODE_SIGN_IDENTITY = "iPhone Developer";
				COPY_PHASE_STRIP = NO;
				DEBUG_INFORMATION_FORMAT = "dwarf-with-dsym";
				ENABLE_NS_ASSERTIONS = NO;
				ENABLE_STRICT_OBJC_MSGSEND = YES;
				GCC_C_LANGUAGE_STANDARD = gnu11;
				GCC_NO_COMMON_BLOCKS = YES;
				GCC_WARN_64_TO_32_BIT_CONVERSION = YES;
				GCC_WARN_ABOUT_RETURN_TYPE = YES_ERROR;
				GCC_WARN_UNDECLARED_SELECTOR = YES;
				GCC_WARN_UNINITIALIZED_AUTOS = YES_AGGRESSIVE;
				GCC_WARN_UNUSED_FUNCTION = YES;
				GCC_WARN_UNUSED_VARIABLE = YES;
				IPHONEOS_DEPLOYMENT_TARGET = 12.2;
				MTL_ENABLE_DEBUG_INFO = NO;
				MTL_FAST_MATH = YES;
				SDKROOT = iphoneos;
				SWIFT_COMPILATION_MODE = wholemodule;
				SWIFT_OPTIMIZATION_LEVEL = "-O";
				VALIDATE_PRODUCT = YES;
			};
			name = Release;
		};
		C11F7A12225D7ECA00E72BB7 /* Debug */ = {
			isa = XCBuildConfiguration;
			buildSettings = {
				ASSETCATALOG_COMPILER_APPICON_NAME = AppIcon;
				CODE_SIGN_STYLE = Automatic;
				INFOPLIST_FILE = 20190409_AutoLayout_code/Info.plist;
				LD_RUNPATH_SEARCH_PATHS = (
					"$(inherited)",
					"@executable_path/Frameworks",
				);
				PRODUCT_BUNDLE_IDENTIFIER = "com.your.-0190409-AutoLayout-code";
				PRODUCT_NAME = "$(TARGET_NAME)";
				SWIFT_VERSION = 5.0;
				TARGETED_DEVICE_FAMILY = "1,2";
			};
			name = Debug;
		};
		C11F7A13225D7ECA00E72BB7 /* Release */ = {
			isa = XCBuildConfiguration;
			buildSettings = {
				ASSETCATALOG_COMPILER_APPICON_NAME = AppIcon;
				CODE_SIGN_STYLE = Automatic;
				INFOPLIST_FILE = 20190409_AutoLayout_code/Info.plist;
				LD_RUNPATH_SEARCH_PATHS = (
					"$(inherited)",
					"@executable_path/Frameworks",
				);
				PRODUCT_BUNDLE_IDENTIFIER = "com.your.-0190409-AutoLayout-code";
				PRODUCT_NAME = "$(TARGET_NAME)";
				SWIFT_VERSION = 5.0;
				TARGETED_DEVICE_FAMILY = "1,2";
			};
			name = Release;
		};
/* End XCBuildConfiguration section */

/* Begin XCConfigurationList section */
		C11F79FA225D7EC900E72BB7 /* Build configuration list for PBXProject "20190409_AutoLayout_code" */ = {
			isa = XCConfigurationList;
			buildConfigurations = (
				C11F7A0F225D7ECA00E72BB7 /* Debug */,
				C11F7A10225D7ECA00E72BB7 /* Release */,
			);
			defaultConfigurationIsVisible = 0;
			defaultConfigurationName = Release;
		};
		C11F7A11225D7ECA00E72BB7 /* Build configuration list for PBXNativeTarget "20190409_AutoLayout_code" */ = {
			isa = XCConfigurationList;
			buildConfigurations = (
				C11F7A12225D7ECA00E72BB7 /* Debug */,
				C11F7A13225D7ECA00E72BB7 /* Release */,
			);
			defaultConfigurationIsVisible = 0;
			defaultConfigurationName = Release;
		};
/* End XCConfigurationList section */
	};
	rootObject = C11F79F7225D7EC900E72BB7 /* Project object */;
}
