// !$*UTF8*$!
{
	archiveVersion = 1;
	classes = {
	};
	objectVersion = 50;
	objects = {

/* Begin PBXBuildFile section */
		C1D1F193224A382400E4A76C /* AppDelegate.swift in Sources */ = {isa = PBXBuildFile; fileRef = C1D1F192224A382400E4A76C /* AppDelegate.swift */; };
		C1D1F195224A382400E4A76C /* AViewController.swift in Sources */ = {isa = PBXBuildFile; fileRef = C1D1F194224A382400E4A76C /* AViewController.swift */; };
		C1D1F198224A382400E4A76C /* Main.storyboard in Resources */ = {isa = PBXBuildFile; fileRef = C1D1F196224A382400E4A76C /* Main.storyboard */; };
		C1D1F19A224A382500E4A76C /* Assets.xcassets in Resources */ = {isa = PBXBuildFile; fileRef = C1D1F199224A382500E4A76C /* Assets.xcassets */; };
		C1D1F19D224A382500E4A76C /* LaunchScreen.storyboard in Resources */ = {isa = PBXBuildFile; fileRef = C1D1F19B224A382500E4A76C /* LaunchScreen.storyboard */; };
		C1D1F1A7224A38DD00E4A76C /* BViewController.swift in Sources */ = {isa = PBXBuildFile; fileRef = C1D1F1A6224A38DD00E4A76C /* BViewController.swift */; };
/* End PBXBuildFile section */

/* Begin PBXFileReference section */
		C1D1F18F224A382400E4A76C /* 20190326_3.app */ = {isa = PBXFileReference; explicitFileType = wrapper.application; includeInIndex = 0; path = 20190326_3.app; sourceTree = BUILT_PRODUCTS_DIR; };
		C1D1F192224A382400E4A76C /* AppDelegate.swift */ = {isa = PBXFileReference; lastKnownFileType = sourcecode.swift; path = AppDelegate.swift; sourceTree = "<group>"; };
		C1D1F194224A382400E4A76C /* AViewController.swift */ = {isa = PBXFileReference; lastKnownFileType = sourcecode.swift; path = AViewController.swift; sourceTree = "<group>"; };
		C1D1F197224A382400E4A76C /* Base */ = {isa = PBXFileReference; lastKnownFileType = file.storyboard; name = Base; path = Base.lproj/Main.storyboard; sourceTree = "<group>"; };
		C1D1F199224A382500E4A76C /* Assets.xcassets */ = {isa = PBXFileReference; lastKnownFileType = folder.assetcatalog; path = Assets.xcassets; sourceTree = "<group>"; };
		C1D1F19C224A382500E4A76C /* Base */ = {isa = PBXFileReference; lastKnownFileType = file.storyboard; name = Base; path = Base.lproj/LaunchScreen.storyboard; sourceTree = "<group>"; };
		C1D1F19E224A382500E4A76C /* Info.plist */ = {isa = PBXFileReference; lastKnownFileType = text.plist.xml; path = Info.plist; sourceTree = "<group>"; };
		C1D1F1A6224A38DD00E4A76C /* BViewController.swift */ = {isa = PBXFileReference; lastKnownFileType = sourcecode.swift; path = BViewController.swift; sourceTree = "<group>"; };
/* End PBXFileReference section */

/* Begin PBXFrameworksBuildPhase section */
		C1D1F18C224A382400E4A76C /* Frameworks */ = {
			isa = PBXFrameworksBuildPhase;
			buildActionMask = 2147483647;
			files = (
			);
			runOnlyForDeploymentPostprocessing = 0;
		};
/* End PBXFrameworksBuildPhase section */

/* Begin PBXGroup section */
		C1D1F186224A382400E4A76C = {
			isa = PBXGroup;
			children = (
				C1D1F191224A382400E4A76C /* 20190326_3 */,
				C1D1F190224A382400E4A76C /* Products */,
			);
			sourceTree = "<group>";
		};
		C1D1F190224A382400E4A76C /* Products */ = {
			isa = PBXGroup;
			children = (
				C1D1F18F224A382400E4A76C /* 20190326_3.app */,
			);
			name = Products;
			sourceTree = "<group>";
		};
		C1D1F191224A382400E4A76C /* 20190326_3 */ = {
			isa = PBXGroup;
			children = (
				C1D1F192224A382400E4A76C /* AppDelegate.swift */,
				C1D1F194224A382400E4A76C /* AViewController.swift */,
				C1D1F1A6224A38DD00E4A76C /* BViewController.swift */,
				C1D1F196224A382400E4A76C /* Main.storyboard */,
				C1D1F199224A382500E4A76C /* Assets.xcassets */,
				C1D1F19B224A382500E4A76C /* LaunchScreen.storyboard */,
				C1D1F19E224A382500E4A76C /* Info.plist */,
			);
			path = 20190326_3;
			sourceTree = "<group>";
		};
/* End PBXGroup section */

/* Begin PBXNativeTarget section */
		C1D1F18E224A382400E4A76C /* 20190326_3 */ = {
			isa = PBXNativeTarget;
			buildConfigurationList = C1D1F1A1224A382500E4A76C /* Build configuration list for PBXNativeTarget "20190326_3" */;
			buildPhases = (
				C1D1F18B224A382400E4A76C /* Sources */,
				C1D1F18C224A382400E4A76C /* Frameworks */,
				C1D1F18D224A382400E4A76C /* Resources */,
			);
			buildRules = (
			);
			dependencies = (
			);
			name = 20190326_3;
			productName = 20190326_3;
			productReference = C1D1F18F224A382400E4A76C /* 20190326_3.app */;
			productType = "com.apple.product-type.application";
		};
/* End PBXNativeTarget section */

/* Begin PBXProject section */
		C1D1F187224A382400E4A76C /* Project object */ = {
			isa = PBXProject;
			attributes = {
				LastSwiftUpdateCheck = 1020;
				LastUpgradeCheck = 1020;
				ORGANIZATIONNAME = "Jeon-heaji";
				TargetAttributes = {
					C1D1F18E224A382400E4A76C = {
						CreatedOnToolsVersion = 10.2;
					};
				};
			};
			buildConfigurationList = C1D1F18A224A382400E4A76C /* Build configuration list for PBXProject "20190326_3" */;
			compatibilityVersion = "Xcode 9.3";
			developmentRegion = en;
			hasScannedForEncodings = 0;
			knownRegions = (
				en,
				Base,
			);
			mainGroup = C1D1F186224A382400E4A76C;
			productRefGroup = C1D1F190224A382400E4A76C /* Products */;
			projectDirPath = "";
			projectRoot = "";
			targets = (
				C1D1F18E224A382400E4A76C /* 20190326_3 */,
			);
		};
/* End PBXProject section */

/* Begin PBXResourcesBuildPhase section */
		C1D1F18D224A382400E4A76C /* Resources */ = {
			isa = PBXResourcesBuildPhase;
			buildActionMask = 2147483647;
			files = (
				C1D1F19D224A382500E4A76C /* LaunchScreen.storyboard in Resources */,
				C1D1F19A224A382500E4A76C /* Assets.xcassets in Resources */,
				C1D1F198224A382400E4A76C /* Main.storyboard in Resources */,
			);
			runOnlyForDeploymentPostprocessing = 0;
		};
/* End PBXResourcesBuildPhase section */

/* Begin PBXSourcesBuildPhase section */
		C1D1F18B224A382400E4A76C /* Sources */ = {
			isa = PBXSourcesBuildPhase;
			buildActionMask = 2147483647;
			files = (
				C1D1F195224A382400E4A76C /* AViewController.swift in Sources */,
				C1D1F1A7224A38DD00E4A76C /* BViewController.swift in Sources */,
				C1D1F193224A382400E4A76C /* AppDelegate.swift in Sources */,
			);
			runOnlyForDeploymentPostprocessing = 0;
		};
/* End PBXSourcesBuildPhase section */

/* Begin PBXVariantGroup section */
		C1D1F196224A382400E4A76C /* Main.storyboard */ = {
			isa = PBXVariantGroup;
			children = (
				C1D1F197224A382400E4A76C /* Base */,
			);
			name = Main.storyboard;
			sourceTree = "<group>";
		};
		C1D1F19B224A382500E4A76C /* LaunchScreen.storyboard */ = {
			isa = PBXVariantGroup;
			children = (
				C1D1F19C224A382500E4A76C /* Base */,
			);
			name = LaunchScreen.storyboard;
			sourceTree = "<group>";
		};
/* End PBXVariantGroup section */

/* Begin XCBuildConfiguration section */
		C1D1F19F224A382500E4A76C /* Debug */ = {
			isa = XCBuildConfiguration;
			buildSettings = {
				ALWAYS_SEARCH_USER_PATHS = NO;
				CLANG_ANALYZER_NONNULL = YES;
				CLANG_ANALYZER_NUMBER_OBJECT_CONVERSION = YES_AGGRESSIVE;
				CLANG_CXX_LANGUAGE_STANDARD = "gnu++14";
				CLANG_CXX_LIBRARY = "libc++";
				CLANG_ENABLE_MODULES = YES;
				CLANG_ENABLE_OBJC_ARC = YES;
				CLANG_ENABLE_OBJC_WEAK = YES;
				CLANG_WARN_BLOCK_CAPTURE_AUTORELEASING = YES;
				CLANG_WARN_BOOL_CONVERSION = YES;
				CLANG_WARN_COMMA = YES;
				CLANG_WARN_CONSTANT_CONVERSION = YES;
				CLANG_WARN_DEPRECATED_OBJC_IMPLEMENTATIONS = YES;
				CLANG_WARN_DIRECT_OBJC_ISA_USAGE = YES_ERROR;
				CLANG_WARN_DOCUMENTATION_COMMENTS = YES;
				CLANG_WARN_EMPTY_BODY = YES;
				CLANG_WARN_ENUM_CONVERSION = YES;
				CLANG_WARN_INFINITE_RECURSION = YES;
				CLANG_WARN_INT_CONVERSION = YES;
				CLANG_WARN_NON_LITERAL_NULL_CONVERSION = YES;
				CLANG_WARN_OBJC_IMPLICIT_RETAIN_SELF = YES;
				CLANG_WARN_OBJC_LITERAL_CONVERSION = YES;
				CLANG_WARN_OBJC_ROOT_CLASS = YES_ERROR;
				CLANG_WARN_RANGE_LOOP_ANALYSIS = YES;
				CLANG_WARN_STRICT_PROTOTYPES = YES;
				CLANG_WARN_SUSPICIOUS_MOVE = YES;
				CLANG_WARN_UNGUARDED_AVAILABILITY = YES_AGGRESSIVE;
				CLANG_WARN_UNREACHABLE_CODE = YES;
				CLANG_WARN__DUPLICATE_METHOD_MATCH = YES;
				CODE_SIGN_IDENTITY = "iPhone Developer";
				COPY_PHASE_STRIP = NO;
				DEBUG_INFORMATION_FORMAT = dwarf;
				ENABLE_STRICT_OBJC_MSGSEND = YES;
				ENABLE_TESTABILITY = YES;
				GCC_C_LANGUAGE_STANDARD = gnu11;
				GCC_DYNAMIC_NO_PIC = NO;
				GCC_NO_COMMON_BLOCKS = YES;
				GCC_OPTIMIZATION_LEVEL = 0;
				GCC_PREPROCESSOR_DEFINITIONS = (
					"DEBUG=1",
					"$(inherited)",
				);
				GCC_WARN_64_TO_32_BIT_CONVERSION = YES;
				GCC_WARN_ABOUT_RETURN_TYPE = YES_ERROR;
				GCC_WARN_UNDECLARED_SELECTOR = YES;
				GCC_WARN_UNINITIALIZED_AUTOS = YES_AGGRESSIVE;
				GCC_WARN_UNUSED_FUNCTION = YES;
				GCC_WARN_UNUSED_VARIABLE = YES;
				IPHONEOS_DEPLOYMENT_TARGET = 12.2;
				MTL_ENABLE_DEBUG_INFO = INCLUDE_SOURCE;
				MTL_FAST_MATH = YES;
				ONLY_ACTIVE_ARCH = YES;
				SDKROOT = iphoneos;
				SWIFT_ACTIVE_COMPILATION_CONDITIONS = DEBUG;
				SWIFT_OPTIMIZATION_LEVEL = "-Onone";
			};
			name = Debug;
		};
		C1D1F1A0224A382500E4A76C /* Release */ = {
			isa = XCBuildConfiguration;
			buildSettings = {
				ALWAYS_SEARCH_USER_PATHS = NO;
				CLANG_ANALYZER_NONNULL = YES;
				CLANG_ANALYZER_NUMBER_OBJECT_CONVERSION = YES_AGGRESSIVE;
				CLANG_CXX_LANGUAGE_STANDARD = "gnu++14";
				CLANG_CXX_LIBRARY = "libc++";
				CLANG_ENABLE_MODULES = YES;
				CLANG_ENABLE_OBJC_ARC = YES;
				CLANG_ENABLE_OBJC_WEAK = YES;
				CLANG_WARN_BLOCK_CAPTURE_AUTORELEASING = YES;
				CLANG_WARN_BOOL_CONVERSION = YES;
				CLANG_WARN_COMMA = YES;
				CLANG_WARN_CONSTANT_CONVERSION = YES;
				CLANG_WARN_DEPRECATED_OBJC_IMPLEMENTATIONS = YES;
				CLANG_WARN_DIRECT_OBJC_ISA_USAGE = YES_ERROR;
				CLANG_WARN_DOCUMENTATION_COMMENTS = YES;
				CLANG_WARN_EMPTY_BODY = YES;
				CLANG_WARN_ENUM_CONVERSION = YES;
				CLANG_WARN_INFINITE_RECURSION = YES;
				CLANG_WARN_INT_CONVERSION = YES;
				CLANG_WARN_NON_LITERAL_NULL_CONVERSION = YES;
				CLANG_WARN_OBJC_IMPLICIT_RETAIN_SELF = YES;
				CLANG_WARN_OBJC_LITERAL_CONVERSION = YES;
				CLANG_WARN_OBJC_ROOT_CLASS = YES_ERROR;
				CLANG_WARN_RANGE_LOOP_ANALYSIS = YES;
				CLANG_WARN_STRICT_PROTOTYPES = YES;
				CLANG_WARN_SUSPICIOUS_MOVE = YES;
				CLANG_WARN_UNGUARDED_AVAILABILITY = YES_AGGRESSIVE;
				CLANG_WARN_UNREACHABLE_CODE = YES;
				CLANG_WARN__DUPLICATE_METHOD_MATCH = YES;
				CODE_SIGN_IDENTITY = "iPhone Developer";
				COPY_PHASE_STRIP = NO;
				DEBUG_INFORMATION_FORMAT = "dwarf-with-dsym";
				ENABLE_NS_ASSERTIONS = NO;
				ENABLE_STRICT_OBJC_MSGSEND = YES;
				GCC_C_LANGUAGE_STANDARD = gnu11;
				GCC_NO_COMMON_BLOCKS = YES;
				GCC_WARN_64_TO_32_BIT_CONVERSION = YES;
				GCC_WARN_ABOUT_RETURN_TYPE = YES_ERROR;
				GCC_WARN_UNDECLARED_SELECTOR = YES;
				GCC_WARN_UNINITIALIZED_AUTOS = YES_AGGRESSIVE;
				GCC_WARN_UNUSED_FUNCTION = YES;
				GCC_WARN_UNUSED_VARIABLE = YES;
				IPHONEOS_DEPLOYMENT_TARGET = 12.2;
				MTL_ENABLE_DEBUG_INFO = NO;
				MTL_FAST_MATH = YES;
				SDKROOT = iphoneos;
				SWIFT_COMPILATION_MODE = wholemodule;
				SWIFT_OPTIMIZATION_LEVEL = "-O";
				VALIDATE_PRODUCT = YES;
			};
			name = Release;
		};
		C1D1F1A2224A382500E4A76C /* Debug */ = {
			isa = XCBuildConfiguration;
			buildSettings = {
				ASSETCATALOG_COMPILER_APPICON_NAME = AppIcon;
				CODE_SIGN_STYLE = Automatic;
				INFOPLIST_FILE = 20190326_3/Info.plist;
				LD_RUNPATH_SEARCH_PATHS = (
					"$(inherited)",
					"@executable_path/Frameworks",
				);
				PRODUCT_BUNDLE_IDENTIFIER = "com.your.-0190326-3";
				PRODUCT_NAME = "$(TARGET_NAME)";
				SWIFT_VERSION = 5.0;
				TARGETED_DEVICE_FAMILY = "1,2";
			};
			name = Debug;
		};
		C1D1F1A3224A382500E4A76C /* Release */ = {
			isa = XCBuildConfiguration;
			buildSettings = {
				ASSETCATALOG_COMPILER_APPICON_NAME = AppIcon;
				CODE_SIGN_STYLE = Automatic;
				INFOPLIST_FILE = 20190326_3/Info.plist;
				LD_RUNPATH_SEARCH_PATHS = (
					"$(inherited)",
					"@executable_path/Frameworks",
				);
				PRODUCT_BUNDLE_IDENTIFIER = "com.your.-0190326-3";
				PRODUCT_NAME = "$(TARGET_NAME)";
				SWIFT_VERSION = 5.0;
				TARGETED_DEVICE_FAMILY = "1,2";
			};
			name = Release;
		};
/* End XCBuildConfiguration section */

/* Begin XCConfigurationList section */
		C1D1F18A224A382400E4A76C /* Build configuration list for PBXProject "20190326_3" */ = {
			isa = XCConfigurationList;
			buildConfigurations = (
				C1D1F19F224A382500E4A76C /* Debug */,
				C1D1F1A0224A382500E4A76C /* Release */,
			);
			defaultConfigurationIsVisible = 0;
			defaultConfigurationName = Release;
		};
		C1D1F1A1224A382500E4A76C /* Build configuration list for PBXNativeTarget "20190326_3" */ = {
			isa = XCConfigurationList;
			buildConfigurations = (
				C1D1F1A2224A382500E4A76C /* Debug */,
				C1D1F1A3224A382500E4A76C /* Release */,
			);
			defaultConfigurationIsVisible = 0;
			defaultConfigurationName = Release;
		};
/* End XCConfigurationList section */
	};
	rootObject = C1D1F187224A382400E4A76C /* Project object */;
}
